// !$*UTF8*$!
{
	archiveVersion = 1;
	classes = {
	};
	objectVersion = 50;
	objects = {

/* Begin PBXBuildFile section */
		55C3775622AC148A004894DA /* AppDelegate.m in Sources */ = {isa = PBXBuildFile; fileRef = 55C3775522AC148A004894DA /* AppDelegate.m */; };
		55C3775922AC148A004894DA /* ViewController.m in Sources */ = {isa = PBXBuildFile; fileRef = 55C3775822AC148A004894DA /* ViewController.m */; };
		55C3775C22AC148A004894DA /* Main.storyboard in Resources */ = {isa = PBXBuildFile; fileRef = 55C3775A22AC148A004894DA /* Main.storyboard */; };
		55C3775E22AC148B004894DA /* Assets.xcassets in Resources */ = {isa = PBXBuildFile; fileRef = 55C3775D22AC148B004894DA /* Assets.xcassets */; };
		55C3776122AC148B004894DA /* LaunchScreen.storyboard in Resources */ = {isa = PBXBuildFile; fileRef = 55C3775F22AC148B004894DA /* LaunchScreen.storyboard */; };
		55C3776422AC148B004894DA /* main.m in Sources */ = {isa = PBXBuildFile; fileRef = 55C3776322AC148B004894DA /* main.m */; };
		55C3776E22AC148B004894DA /* _PlayerMathRedoTests.m in Sources */ = {isa = PBXBuildFile; fileRef = 55C3776D22AC148B004894DA /* _PlayerMathRedoTests.m */; };
		55C3777922AC148B004894DA /* _PlayerMathRedoUITests.m in Sources */ = {isa = PBXBuildFile; fileRef = 55C3777822AC148B004894DA /* _PlayerMathRedoUITests.m */; };
		55C3779722AC1B98004894DA /* DivisionQuestion.m in Sources */ = {isa = PBXBuildFile; fileRef = 55C3778722AC1B97004894DA /* DivisionQuestion.m */; };
		55C3779822AC1B98004894DA /* SubtractionQuestion.m in Sources */ = {isa = PBXBuildFile; fileRef = 55C3778822AC1B97004894DA /* SubtractionQuestion.m */; };
		55C3779922AC1B98004894DA /* Question.m in Sources */ = {isa = PBXBuildFile; fileRef = 55C3778A22AC1B97004894DA /* Question.m */; };
		55C3779B22AC1B98004894DA /* QuestionManager.m in Sources */ = {isa = PBXBuildFile; fileRef = 55C3779222AC1B98004894DA /* QuestionManager.m */; };
		55C3779C22AC1B98004894DA /* QuestionFactory.m in Sources */ = {isa = PBXBuildFile; fileRef = 55C3779422AC1B98004894DA /* QuestionFactory.m */; };
		55C3779D22AC1B98004894DA /* MultiplicationQuestion.m in Sources */ = {isa = PBXBuildFile; fileRef = 55C3779522AC1B98004894DA /* MultiplicationQuestion.m */; };
		55C3779E22AC1B98004894DA /* AdditionQuestion.m in Sources */ = {isa = PBXBuildFile; fileRef = 55C3779622AC1B98004894DA /* AdditionQuestion.m */; };
		55C377A222AC25BA004894DA /* Player.m in Sources */ = {isa = PBXBuildFile; fileRef = 55C377A122AC25BA004894DA /* Player.m */; };
/* End PBXBuildFile section */

/* Begin PBXContainerItemProxy section */
		55C3776A22AC148B004894DA /* PBXContainerItemProxy */ = {
			isa = PBXContainerItemProxy;
			containerPortal = 55C3774922AC148A004894DA /* Project object */;
			proxyType = 1;
			remoteGlobalIDString = 55C3775022AC148A004894DA;
			remoteInfo = 2PlayerMathRedo;
		};
		55C3777522AC148B004894DA /* PBXContainerItemProxy */ = {
			isa = PBXContainerItemProxy;
			containerPortal = 55C3774922AC148A004894DA /* Project object */;
			proxyType = 1;
			remoteGlobalIDString = 55C3775022AC148A004894DA;
			remoteInfo = 2PlayerMathRedo;
		};
/* End PBXContainerItemProxy section */

/* Begin PBXFileReference section */
		55C3775122AC148A004894DA /* 2PlayerMathRedo.app */ = {isa = PBXFileReference; explicitFileType = wrapper.application; includeInIndex = 0; path = 2PlayerMathRedo.app; sourceTree = BUILT_PRODUCTS_DIR; };
		55C3775422AC148A004894DA /* AppDelegate.h */ = {isa = PBXFileReference; lastKnownFileType = sourcecode.c.h; path = AppDelegate.h; sourceTree = "<group>"; };
		55C3775522AC148A004894DA /* AppDelegate.m */ = {isa = PBXFileReference; lastKnownFileType = sourcecode.c.objc; path = AppDelegate.m; sourceTree = "<group>"; };
		55C3775722AC148A004894DA /* ViewController.h */ = {isa = PBXFileReference; lastKnownFileType = sourcecode.c.h; path = ViewController.h; sourceTree = "<group>"; };
		55C3775822AC148A004894DA /* ViewController.m */ = {isa = PBXFileReference; lastKnownFileType = sourcecode.c.objc; path = ViewController.m; sourceTree = "<group>"; };
		55C3775B22AC148A004894DA /* Base */ = {isa = PBXFileReference; lastKnownFileType = file.storyboard; name = Base; path = Base.lproj/Main.storyboard; sourceTree = "<group>"; };
		55C3775D22AC148B004894DA /* Assets.xcassets */ = {isa = PBXFileReference; lastKnownFileType = folder.assetcatalog; path = Assets.xcassets; sourceTree = "<group>"; };
		55C3776022AC148B004894DA /* Base */ = {isa = PBXFileReference; lastKnownFileType = file.storyboard; name = Base; path = Base.lproj/LaunchScreen.storyboard; sourceTree = "<group>"; };
		55C3776222AC148B004894DA /* Info.plist */ = {isa = PBXFileReference; lastKnownFileType = text.plist.xml; path = Info.plist; sourceTree = "<group>"; };
		55C3776322AC148B004894DA /* main.m */ = {isa = PBXFileReference; lastKnownFileType = sourcecode.c.objc; path = main.m; sourceTree = "<group>"; };
		55C3776922AC148B004894DA /* 2PlayerMathRedoTests.xctest */ = {isa = PBXFileReference; explicitFileType = wrapper.cfbundle; includeInIndex = 0; path = 2PlayerMathRedoTests.xctest; sourceTree = BUILT_PRODUCTS_DIR; };
		55C3776D22AC148B004894DA /* _PlayerMathRedoTests.m */ = {isa = PBXFileReference; lastKnownFileType = sourcecode.c.objc; path = _PlayerMathRedoTests.m; sourceTree = "<group>"; };
		55C3776F22AC148B004894DA /* Info.plist */ = {isa = PBXFileReference; lastKnownFileType = text.plist.xml; path = Info.plist; sourceTree = "<group>"; };
		55C3777422AC148B004894DA /* 2PlayerMathRedoUITests.xctest */ = {isa = PBXFileReference; explicitFileType = wrapper.cfbundle; includeInIndex = 0; path = 2PlayerMathRedoUITests.xctest; sourceTree = BUILT_PRODUCTS_DIR; };
		55C3777822AC148B004894DA /* _PlayerMathRedoUITests.m */ = {isa = PBXFileReference; lastKnownFileType = sourcecode.c.objc; path = _PlayerMathRedoUITests.m; sourceTree = "<group>"; };
		55C3777A22AC148B004894DA /* Info.plist */ = {isa = PBXFileReference; lastKnownFileType = text.plist.xml; path = Info.plist; sourceTree = "<group>"; };
		55C3778722AC1B97004894DA /* DivisionQuestion.m */ = {isa = PBXFileReference; fileEncoding = 4; lastKnownFileType = sourcecode.c.objc; path = DivisionQuestion.m; sourceTree = "<group>"; };
		55C3778822AC1B97004894DA /* SubtractionQuestion.m */ = {isa = PBXFileReference; fileEncoding = 4; lastKnownFileType = sourcecode.c.objc; path = SubtractionQuestion.m; sourceTree = "<group>"; };
		55C3778922AC1B97004894DA /* SubtractionQuestion.h */ = {isa = PBXFileReference; fileEncoding = 4; lastKnownFileType = sourcecode.c.h; path = SubtractionQuestion.h; sourceTree = "<group>"; };
		55C3778A22AC1B97004894DA /* Question.m */ = {isa = PBXFileReference; fileEncoding = 4; lastKnownFileType = sourcecode.c.objc; path = Question.m; sourceTree = "<group>"; };
		55C3778C22AC1B97004894DA /* QuestionFactory.h */ = {isa = PBXFileReference; fileEncoding = 4; lastKnownFileType = sourcecode.c.h; path = QuestionFactory.h; sourceTree = "<group>"; };
		55C3778D22AC1B97004894DA /* Question.h */ = {isa = PBXFileReference; fileEncoding = 4; lastKnownFileType = sourcecode.c.h; path = Question.h; sourceTree = "<group>"; };
		55C3778E22AC1B97004894DA /* AdditionQuestion.h */ = {isa = PBXFileReference; fileEncoding = 4; lastKnownFileType = sourcecode.c.h; path = AdditionQuestion.h; sourceTree = "<group>"; };
		55C3778F22AC1B97004894DA /* MultiplicationQuestion.h */ = {isa = PBXFileReference; fileEncoding = 4; lastKnownFileType = sourcecode.c.h; path = MultiplicationQuestion.h; sourceTree = "<group>"; };
		55C3779022AC1B97004894DA /* DivisionQuestion.h */ = {isa = PBXFileReference; fileEncoding = 4; lastKnownFileType = sourcecode.c.h; path = DivisionQuestion.h; sourceTree = "<group>"; };
		55C3779222AC1B98004894DA /* QuestionManager.m */ = {isa = PBXFileReference; fileEncoding = 4; lastKnownFileType = sourcecode.c.objc; path = QuestionManager.m; sourceTree = "<group>"; };
		55C3779322AC1B98004894DA /* QuestionManager.h */ = {isa = PBXFileReference; fileEncoding = 4; lastKnownFileType = sourcecode.c.h; path = QuestionManager.h; sourceTree = "<group>"; };
		55C3779422AC1B98004894DA /* QuestionFactory.m */ = {isa = PBXFileReference; fileEncoding = 4; lastKnownFileType = sourcecode.c.objc; path = QuestionFactory.m; sourceTree = "<group>"; };
		55C3779522AC1B98004894DA /* MultiplicationQuestion.m */ = {isa = PBXFileReference; fileEncoding = 4; lastKnownFileType = sourcecode.c.objc; path = MultiplicationQuestion.m; sourceTree = "<group>"; };
		55C3779622AC1B98004894DA /* AdditionQuestion.m */ = {isa = PBXFileReference; fileEncoding = 4; lastKnownFileType = sourcecode.c.objc; path = AdditionQuestion.m; sourceTree = "<group>"; };
		55C377A022AC25BA004894DA /* Player.h */ = {isa = PBXFileReference; lastKnownFileType = sourcecode.c.h; path = Player.h; sourceTree = "<group>"; };
		55C377A122AC25BA004894DA /* Player.m */ = {isa = PBXFileReference; lastKnownFileType = sourcecode.c.objc; path = Player.m; sourceTree = "<group>"; };
/* End PBXFileReference section */

/* Begin PBXFrameworksBuildPhase section */
		55C3774E22AC148A004894DA /* Frameworks */ = {
			isa = PBXFrameworksBuildPhase;
			buildActionMask = 2147483647;
			files = (
			);
			runOnlyForDeploymentPostprocessing = 0;
		};
		55C3776622AC148B004894DA /* Frameworks */ = {
			isa = PBXFrameworksBuildPhase;
			buildActionMask = 2147483647;
			files = (
			);
			runOnlyForDeploymentPostprocessing = 0;
		};
		55C3777122AC148B004894DA /* Frameworks */ = {
			isa = PBXFrameworksBuildPhase;
			buildActionMask = 2147483647;
			files = (
			);
			runOnlyForDeploymentPostprocessing = 0;
		};
/* End PBXFrameworksBuildPhase section */

/* Begin PBXGroup section */
		55C3774822AC148A004894DA = {
			isa = PBXGroup;
			children = (
				55C3775322AC148A004894DA /* 2PlayerMathRedo */,
				55C3776C22AC148B004894DA /* 2PlayerMathRedoTests */,
				55C3777722AC148B004894DA /* 2PlayerMathRedoUITests */,
				55C3775222AC148A004894DA /* Products */,
			);
			sourceTree = "<group>";
		};
		55C3775222AC148A004894DA /* Products */ = {
			isa = PBXGroup;
			children = (
				55C3775122AC148A004894DA /* 2PlayerMathRedo.app */,
				55C3776922AC148B004894DA /* 2PlayerMathRedoTests.xctest */,
				55C3777422AC148B004894DA /* 2PlayerMathRedoUITests.xctest */,
			);
			name = Products;
			sourceTree = "<group>";
		};
		55C3775322AC148A004894DA /* 2PlayerMathRedo */ = {
			isa = PBXGroup;
			children = (
				55C3775422AC148A004894DA /* AppDelegate.h */,
				55C3775522AC148A004894DA /* AppDelegate.m */,
				55C3775722AC148A004894DA /* ViewController.h */,
				55C3775822AC148A004894DA /* ViewController.m */,
				55C377A022AC25BA004894DA /* Player.h */,
				55C377A122AC25BA004894DA /* Player.m */,
				55C3775A22AC148A004894DA /* Main.storyboard */,
				55C3778622AC1B36004894DA /* Math */,
				55C3775D22AC148B004894DA /* Assets.xcassets */,
				55C3775F22AC148B004894DA /* LaunchScreen.storyboard */,
				55C3776222AC148B004894DA /* Info.plist */,
				55C3776322AC148B004894DA /* main.m */,
			);
			path = 2PlayerMathRedo;
			sourceTree = "<group>";
		};
		55C3776C22AC148B004894DA /* 2PlayerMathRedoTests */ = {
			isa = PBXGroup;
			children = (
				55C3776D22AC148B004894DA /* _PlayerMathRedoTests.m */,
				55C3776F22AC148B004894DA /* Info.plist */,
			);
			path = 2PlayerMathRedoTests;
			sourceTree = "<group>";
		};
		55C3777722AC148B004894DA /* 2PlayerMathRedoUITests */ = {
			isa = PBXGroup;
			children = (
				55C3777822AC148B004894DA /* _PlayerMathRedoUITests.m */,
				55C3777A22AC148B004894DA /* Info.plist */,
			);
			path = 2PlayerMathRedoUITests;
			sourceTree = "<group>";
		};
		55C3778622AC1B36004894DA /* Math */ = {
			isa = PBXGroup;
			children = (
				55C3779F22AC1BD4004894DA /* MathQs */,
				55C3778D22AC1B97004894DA /* Question.h */,
				55C3778A22AC1B97004894DA /* Question.m */,
				55C3778C22AC1B97004894DA /* QuestionFactory.h */,
				55C3779422AC1B98004894DA /* QuestionFactory.m */,
				55C3779322AC1B98004894DA /* QuestionManager.h */,
				55C3779222AC1B98004894DA /* QuestionManager.m */,
			);
			path = Math;
			sourceTree = "<group>";
		};
		55C3779F22AC1BD4004894DA /* MathQs */ = {
			isa = PBXGroup;
			children = (
				55C3778E22AC1B97004894DA /* AdditionQuestion.h */,
				55C3779622AC1B98004894DA /* AdditionQuestion.m */,
				55C3779022AC1B97004894DA /* DivisionQuestion.h */,
				55C3778722AC1B97004894DA /* DivisionQuestion.m */,
				55C3778F22AC1B97004894DA /* MultiplicationQuestion.h */,
				55C3779522AC1B98004894DA /* MultiplicationQuestion.m */,
				55C3778922AC1B97004894DA /* SubtractionQuestion.h */,
				55C3778822AC1B97004894DA /* SubtractionQuestion.m */,
			);
			path = MathQs;
			sourceTree = "<group>";
		};
/* End PBXGroup section */

/* Begin PBXNativeTarget section */
		55C3775022AC148A004894DA /* 2PlayerMathRedo */ = {
			isa = PBXNativeTarget;
			buildConfigurationList = 55C3777D22AC148B004894DA /* Build configuration list for PBXNativeTarget "2PlayerMathRedo" */;
			buildPhases = (
				55C3774D22AC148A004894DA /* Sources */,
				55C3774E22AC148A004894DA /* Frameworks */,
				55C3774F22AC148A004894DA /* Resources */,
			);
			buildRules = (
			);
			dependencies = (
			);
			name = 2PlayerMathRedo;
			productName = 2PlayerMathRedo;
			productReference = 55C3775122AC148A004894DA /* 2PlayerMathRedo.app */;
			productType = "com.apple.product-type.application";
		};
		55C3776822AC148B004894DA /* 2PlayerMathRedoTests */ = {
			isa = PBXNativeTarget;
			buildConfigurationList = 55C3778022AC148B004894DA /* Build configuration list for PBXNativeTarget "2PlayerMathRedoTests" */;
			buildPhases = (
				55C3776522AC148B004894DA /* Sources */,
				55C3776622AC148B004894DA /* Frameworks */,
				55C3776722AC148B004894DA /* Resources */,
			);
			buildRules = (
			);
			dependencies = (
				55C3776B22AC148B004894DA /* PBXTargetDependency */,
			);
			name = 2PlayerMathRedoTests;
			productName = 2PlayerMathRedoTests;
			productReference = 55C3776922AC148B004894DA /* 2PlayerMathRedoTests.xctest */;
			productType = "com.apple.product-type.bundle.unit-test";
		};
		55C3777322AC148B004894DA /* 2PlayerMathRedoUITests */ = {
			isa = PBXNativeTarget;
			buildConfigurationList = 55C3778322AC148B004894DA /* Build configuration list for PBXNativeTarget "2PlayerMathRedoUITests" */;
			buildPhases = (
				55C3777022AC148B004894DA /* Sources */,
				55C3777122AC148B004894DA /* Frameworks */,
				55C3777222AC148B004894DA /* Resources */,
			);
			buildRules = (
			);
			dependencies = (
				55C3777622AC148B004894DA /* PBXTargetDependency */,
			);
			name = 2PlayerMathRedoUITests;
			productName = 2PlayerMathRedoUITests;
			productReference = 55C3777422AC148B004894DA /* 2PlayerMathRedoUITests.xctest */;
			productType = "com.apple.product-type.bundle.ui-testing";
		};
/* End PBXNativeTarget section */

/* Begin PBXProject section */
		55C3774922AC148A004894DA /* Project object */ = {
			isa = PBXProject;
			attributes = {
				LastUpgradeCheck = 1020;
				ORGANIZATIONNAME = "James Oliver";
				TargetAttributes = {
					55C3775022AC148A004894DA = {
						CreatedOnToolsVersion = 10.2.1;
					};
					55C3776822AC148B004894DA = {
						CreatedOnToolsVersion = 10.2.1;
						TestTargetID = 55C3775022AC148A004894DA;
					};
					55C3777322AC148B004894DA = {
						CreatedOnToolsVersion = 10.2.1;
						TestTargetID = 55C3775022AC148A004894DA;
					};
				};
			};
			buildConfigurationList = 55C3774C22AC148A004894DA /* Build configuration list for PBXProject "2PlayerMathRedo" */;
			compatibilityVersion = "Xcode 9.3";
			developmentRegion = en;
			hasScannedForEncodings = 0;
			knownRegions = (
				en,
				Base,
			);
			mainGroup = 55C3774822AC148A004894DA;
			productRefGroup = 55C3775222AC148A004894DA /* Products */;
			projectDirPath = "";
			projectRoot = "";
			targets = (
				55C3775022AC148A004894DA /* 2PlayerMathRedo */,
				55C3776822AC148B004894DA /* 2PlayerMathRedoTests */,
				55C3777322AC148B004894DA /* 2PlayerMathRedoUITests */,
			);
		};
/* End PBXProject section */

/* Begin PBXResourcesBuildPhase section */
		55C3774F22AC148A004894DA /* Resources */ = {
			isa = PBXResourcesBuildPhase;
			buildActionMask = 2147483647;
			files = (
				55C3776122AC148B004894DA /* LaunchScreen.storyboard in Resources */,
				55C3775E22AC148B004894DA /* Assets.xcassets in Resources */,
				55C3775C22AC148A004894DA /* Main.storyboard in Resources */,
			);
			runOnlyForDeploymentPostprocessing = 0;
		};
		55C3776722AC148B004894DA /* Resources */ = {
			isa = PBXResourcesBuildPhase;
			buildActionMask = 2147483647;
			files = (
			);
			runOnlyForDeploymentPostprocessing = 0;
		};
		55C3777222AC148B004894DA /* Resources */ = {
			isa = PBXResourcesBuildPhase;
			buildActionMask = 2147483647;
			files = (
			);
			runOnlyForDeploymentPostprocessing = 0;
		};
/* End PBXResourcesBuildPhase section */

/* Begin PBXSourcesBuildPhase section */
		55C3774D22AC148A004894DA /* Sources */ = {
			isa = PBXSourcesBuildPhase;
			buildActionMask = 2147483647;
			files = (
				55C3775922AC148A004894DA /* ViewController.m in Sources */,
				55C3776422AC148B004894DA /* main.m in Sources */,
				55C3779722AC1B98004894DA /* DivisionQuestion.m in Sources */,
				55C3779922AC1B98004894DA /* Question.m in Sources */,
				55C377A222AC25BA004894DA /* Player.m in Sources */,
				55C3779E22AC1B98004894DA /* AdditionQuestion.m in Sources */,
				55C3779822AC1B98004894DA /* SubtractionQuestion.m in Sources */,
				55C3779C22AC1B98004894DA /* QuestionFactory.m in Sources */,
				55C3779D22AC1B98004894DA /* MultiplicationQuestion.m in Sources */,
				55C3775622AC148A004894DA /* AppDelegate.m in Sources */,
				55C3779B22AC1B98004894DA /* QuestionManager.m in Sources */,
			);
			runOnlyForDeploymentPostprocessing = 0;
		};
		55C3776522AC148B004894DA /* Sources */ = {
			isa = PBXSourcesBuildPhase;
			buildActionMask = 2147483647;
			files = (
				55C3776E22AC148B004894DA /* _PlayerMathRedoTests.m in Sources */,
			);
			runOnlyForDeploymentPostprocessing = 0;
		};
		55C3777022AC148B004894DA /* Sources */ = {
			isa = PBXSourcesBuildPhase;
			buildActionMask = 2147483647;
			files = (
				55C3777922AC148B004894DA /* _PlayerMathRedoUITests.m in Sources */,
			);
			runOnlyForDeploymentPostprocessing = 0;
		};
/* End PBXSourcesBuildPhase section */

/* Begin PBXTargetDependency section */
		55C3776B22AC148B004894DA /* PBXTargetDependency */ = {
			isa = PBXTargetDependency;
			target = 55C3775022AC148A004894DA /* 2PlayerMathRedo */;
			targetProxy = 55C3776A22AC148B004894DA /* PBXContainerItemProxy */;
		};
		55C3777622AC148B004894DA /* PBXTargetDependency */ = {
			isa = PBXTargetDependency;
			target = 55C3775022AC148A004894DA /* 2PlayerMathRedo */;
			targetProxy = 55C3777522AC148B004894DA /* PBXContainerItemProxy */;
		};
/* End PBXTargetDependency section */

/* Begin PBXVariantGroup section */
		55C3775A22AC148A004894DA /* Main.storyboard */ = {
			isa = PBXVariantGroup;
			children = (
				55C3775B22AC148A004894DA /* Base */,
			);
			name = Main.storyboard;
			sourceTree = "<group>";
		};
		55C3775F22AC148B004894DA /* LaunchScreen.storyboard */ = {
			isa = PBXVariantGroup;
			children = (
				55C3776022AC148B004894DA /* Base */,
			);
			name = LaunchScreen.storyboard;
			sourceTree = "<group>";
		};
/* End PBXVariantGroup section */

/* Begin XCBuildConfiguration section */
		55C3777B22AC148B004894DA /* Debug */ = {
			isa = XCBuildConfiguration;
			buildSettings = {
				ALWAYS_SEARCH_USER_PATHS = NO;
				CLANG_ANALYZER_NONNULL = YES;
				CLANG_ANALYZER_NUMBER_OBJECT_CONVERSION = YES_AGGRESSIVE;
				CLANG_CXX_LANGUAGE_STANDARD = "gnu++14";
				CLANG_CXX_LIBRARY = "libc++";
				CLANG_ENABLE_MODULES = YES;
				CLANG_ENABLE_OBJC_ARC = YES;
				CLANG_ENABLE_OBJC_WEAK = YES;
				CLANG_WARN_BLOCK_CAPTURE_AUTORELEASING = YES;
				CLANG_WARN_BOOL_CONVERSION = YES;
				CLANG_WARN_COMMA = YES;
				CLANG_WARN_CONSTANT_CONVERSION = YES;
				CLANG_WARN_DEPRECATED_OBJC_IMPLEMENTATIONS = YES;
				CLANG_WARN_DIRECT_OBJC_ISA_USAGE = YES_ERROR;
				CLANG_WARN_DOCUMENTATION_COMMENTS = YES;
				CLANG_WARN_EMPTY_BODY = YES;
				CLANG_WARN_ENUM_CONVERSION = YES;
				CLANG_WARN_INFINITE_RECURSION = YES;
				CLANG_WARN_INT_CONVERSION = YES;
				CLANG_WARN_NON_LITERAL_NULL_CONVERSION = YES;
				CLANG_WARN_OBJC_IMPLICIT_RETAIN_SELF = YES;
				CLANG_WARN_OBJC_LITERAL_CONVERSION = YES;
				CLANG_WARN_OBJC_ROOT_CLASS = YES_ERROR;
				CLANG_WARN_RANGE_LOOP_ANALYSIS = YES;
				CLANG_WARN_STRICT_PROTOTYPES = YES;
				CLANG_WARN_SUSPICIOUS_MOVE = YES;
				CLANG_WARN_UNGUARDED_AVAILABILITY = YES_AGGRESSIVE;
				CLANG_WARN_UNREACHABLE_CODE = YES;
				CLANG_WARN__DUPLICATE_METHOD_MATCH = YES;
				CODE_SIGN_IDENTITY = "iPhone Developer";
				COPY_PHASE_STRIP = NO;
				DEBUG_INFORMATION_FORMAT = dwarf;
				ENABLE_STRICT_OBJC_MSGSEND = YES;
				ENABLE_TESTABILITY = YES;
				GCC_C_LANGUAGE_STANDARD = gnu11;
				GCC_DYNAMIC_NO_PIC = NO;
				GCC_NO_COMMON_BLOCKS = YES;
				GCC_OPTIMIZATION_LEVEL = 0;
				GCC_PREPROCESSOR_DEFINITIONS = (
					"DEBUG=1",
					"$(inherited)",
				);
				GCC_WARN_64_TO_32_BIT_CONVERSION = YES;
				GCC_WARN_ABOUT_RETURN_TYPE = YES_ERROR;
				GCC_WARN_UNDECLARED_SELECTOR = YES;
				GCC_WARN_UNINITIALIZED_AUTOS = YES_AGGRESSIVE;
				GCC_WARN_UNUSED_FUNCTION = YES;
				GCC_WARN_UNUSED_VARIABLE = YES;
				IPHONEOS_DEPLOYMENT_TARGET = 12.2;
				MTL_ENABLE_DEBUG_INFO = INCLUDE_SOURCE;
				MTL_FAST_MATH = YES;
				ONLY_ACTIVE_ARCH = YES;
				SDKROOT = iphoneos;
			};
			name = Debug;
		};
		55C3777C22AC148B004894DA /* Release */ = {
			isa = XCBuildConfiguration;
			buildSettings = {
				ALWAYS_SEARCH_USER_PATHS = NO;
				CLANG_ANALYZER_NONNULL = YES;
				CLANG_ANALYZER_NUMBER_OBJECT_CONVERSION = YES_AGGRESSIVE;
				CLANG_CXX_LANGUAGE_STANDARD = "gnu++14";
				CLANG_CXX_LIBRARY = "libc++";
				CLANG_ENABLE_MODULES = YES;
				CLANG_ENABLE_OBJC_ARC = YES;
				CLANG_ENABLE_OBJC_WEAK = YES;
				CLANG_WARN_BLOCK_CAPTURE_AUTORELEASING = YES;
				CLANG_WARN_BOOL_CONVERSION = YES;
				CLANG_WARN_COMMA = YES;
				CLANG_WARN_CONSTANT_CONVERSION = YES;
				CLANG_WARN_DEPRECATED_OBJC_IMPLEMENTATIONS = YES;
				CLANG_WARN_DIRECT_OBJC_ISA_USAGE = YES_ERROR;
				CLANG_WARN_DOCUMENTATION_COMMENTS = YES;
				CLANG_WARN_EMPTY_BODY = YES;
				CLANG_WARN_ENUM_CONVERSION = YES;
				CLANG_WARN_INFINITE_RECURSION = YES;
				CLANG_WARN_INT_CONVERSION = YES;
				CLANG_WARN_NON_LITERAL_NULL_CONVERSION = YES;
				CLANG_WARN_OBJC_IMPLICIT_RETAIN_SELF = YES;
				CLANG_WARN_OBJC_LITERAL_CONVERSION = YES;
				CLANG_WARN_OBJC_ROOT_CLASS = YES_ERROR;
				CLANG_WARN_RANGE_LOOP_ANALYSIS = YES;
				CLANG_WARN_STRICT_PROTOTYPES = YES;
				CLANG_WARN_SUSPICIOUS_MOVE = YES;
				CLANG_WARN_UNGUARDED_AVAILABILITY = YES_AGGRESSIVE;
				CLANG_WARN_UNREACHABLE_CODE = YES;
				CLANG_WARN__DUPLICATE_METHOD_MATCH = YES;
				CODE_SIGN_IDENTITY = "iPhone Developer";
				COPY_PHASE_STRIP = NO;
				DEBUG_INFORMATION_FORMAT = "dwarf-with-dsym";
				ENABLE_NS_ASSERTIONS = NO;
				ENABLE_STRICT_OBJC_MSGSEND = YES;
				GCC_C_LANGUAGE_STANDARD = gnu11;
				GCC_NO_COMMON_BLOCKS = YES;
				GCC_WARN_64_TO_32_BIT_CONVERSION = YES;
				GCC_WARN_ABOUT_RETURN_TYPE = YES_ERROR;
				GCC_WARN_UNDECLARED_SELECTOR = YES;
				GCC_WARN_UNINITIALIZED_AUTOS = YES_AGGRESSIVE;
				GCC_WARN_UNUSED_FUNCTION = YES;
				GCC_WARN_UNUSED_VARIABLE = YES;
				IPHONEOS_DEPLOYMENT_TARGET = 12.2;
				MTL_ENABLE_DEBUG_INFO = NO;
				MTL_FAST_MATH = YES;
				SDKROOT = iphoneos;
				VALIDATE_PRODUCT = YES;
			};
			name = Release;
		};
		55C3777E22AC148B004894DA /* Debug */ = {
			isa = XCBuildConfiguration;
			buildSettings = {
				ASSETCATALOG_COMPILER_APPICON_NAME = AppIcon;
				CODE_SIGN_STYLE = Automatic;
				DEVELOPMENT_TEAM = TNQG62A85W;
				INFOPLIST_FILE = 2PlayerMathRedo/Info.plist;
				LD_RUNPATH_SEARCH_PATHS = (
					"$(inherited)",
					"@executable_path/Frameworks",
				);
				PRODUCT_BUNDLE_IDENTIFIER = "ESG-James.-PlayerMathRedo";
				PRODUCT_NAME = "$(TARGET_NAME)";
				TARGETED_DEVICE_FAMILY = "1,2";
			};
			name = Debug;
		};
		55C3777F22AC148B004894DA /* Release */ = {
			isa = XCBuildConfiguration;
			buildSettings = {
				ASSETCATALOG_COMPILER_APPICON_NAME = AppIcon;
				CODE_SIGN_STYLE = Automatic;
				DEVELOPMENT_TEAM = TNQG62A85W;
				INFOPLIST_FILE = 2PlayerMathRedo/Info.plist;
				LD_RUNPATH_SEARCH_PATHS = (
					"$(inherited)",
					"@executable_path/Frameworks",
				);
				PRODUCT_BUNDLE_IDENTIFIER = "ESG-James.-PlayerMathRedo";
				PRODUCT_NAME = "$(TARGET_NAME)";
				TARGETED_DEVICE_FAMILY = "1,2";
			};
			name = Release;
		};
		55C3778122AC148B004894DA /* Debug */ = {
			isa = XCBuildConfiguration;
			buildSettings = {
				BUNDLE_LOADER = "$(TEST_HOST)";
				CODE_SIGN_STYLE = Automatic;
				DEVELOPMENT_TEAM = TNQG62A85W;
				INFOPLIST_FILE = 2PlayerMathRedoTests/Info.plist;
				LD_RUNPATH_SEARCH_PATHS = (
					"$(inherited)",
					"@executable_path/Frameworks",
					"@loader_path/Frameworks",
				);
				PRODUCT_BUNDLE_IDENTIFIER = "ESG-James.-PlayerMathRedoTests";
				PRODUCT_NAME = "$(TARGET_NAME)";
				TARGETED_DEVICE_FAMILY = "1,2";
				TEST_HOST = "$(BUILT_PRODUCTS_DIR)/2PlayerMathRedo.app/2PlayerMathRedo";
			};
			name = Debug;
		};
		55C3778222AC148B004894DA /* Release */ = {
			isa = XCBuildConfiguration;
			buildSettings = {
				BUNDLE_LOADER = "$(TEST_HOST)";
				CODE_SIGN_STYLE = Automatic;
				DEVELOPMENT_TEAM = TNQG62A85W;
				INFOPLIST_FILE = 2PlayerMathRedoTests/Info.plist;
				LD_RUNPATH_SEARCH_PATHS = (
					"$(inherited)",
					"@executable_path/Frameworks",
					"@loader_path/Frameworks",
				);
				PRODUCT_BUNDLE_IDENTIFIER = "ESG-James.-PlayerMathRedoTests";
				PRODUCT_NAME = "$(TARGET_NAME)";
				TARGETED_DEVICE_FAMILY = "1,2";
				TEST_HOST = "$(BUILT_PRODUCTS_DIR)/2PlayerMathRedo.app/2PlayerMathRedo";
			};
			name = Release;
		};
		55C3778422AC148B004894DA /* Debug */ = {
			isa = XCBuildConfiguration;
			buildSettings = {
				CODE_SIGN_STYLE = Automatic;
				DEVELOPMENT_TEAM = TNQG62A85W;
				INFOPLIST_FILE = 2PlayerMathRedoUITests/Info.plist;
				LD_RUNPATH_SEARCH_PATHS = (
					"$(inherited)",
					"@executable_path/Frameworks",
					"@loader_path/Frameworks",
				);
				PRODUCT_BUNDLE_IDENTIFIER = "ESG-James.-PlayerMathRedoUITests";
				PRODUCT_NAME = "$(TARGET_NAME)";
				TARGETED_DEVICE_FAMILY = "1,2";
				TEST_TARGET_NAME = 2PlayerMathRedo;
			};
			name = Debug;
		};
		55C3778522AC148B004894DA /* Release */ = {
			isa = XCBuildConfiguration;
			buildSettings = {
				CODE_SIGN_STYLE = Automatic;
				DEVELOPMENT_TEAM = TNQG62A85W;
				INFOPLIST_FILE = 2PlayerMathRedoUITests/Info.plist;
				LD_RUNPATH_SEARCH_PATHS = (
					"$(inherited)",
					"@executable_path/Frameworks",
					"@loader_path/Frameworks",
				);
				PRODUCT_BUNDLE_IDENTIFIER = "ESG-James.-PlayerMathRedoUITests";
				PRODUCT_NAME = "$(TARGET_NAME)";
				TARGETED_DEVICE_FAMILY = "1,2";
				TEST_TARGET_NAME = 2PlayerMathRedo;
			};
			name = Release;
		};
/* End XCBuildConfiguration section */

/* Begin XCConfigurationList section */
		55C3774C22AC148A004894DA /* Build configuration list for PBXProject "2PlayerMathRedo" */ = {
			isa = XCConfigurationList;
			buildConfigurations = (
				55C3777B22AC148B004894DA /* Debug */,
				55C3777C22AC148B004894DA /* Release */,
			);
			defaultConfigurationIsVisible = 0;
			defaultConfigurationName = Release;
		};
		55C3777D22AC148B004894DA /* Build configuration list for PBXNativeTarget "2PlayerMathRedo" */ = {
			isa = XCConfigurationList;
			buildConfigurations = (
				55C3777E22AC148B004894DA /* Debug */,
				55C3777F22AC148B004894DA /* Release */,
			);
			defaultConfigurationIsVisible = 0;
			defaultConfigurationName = Release;
		};
		55C3778022AC148B004894DA /* Build configuration list for PBXNativeTarget "2PlayerMathRedoTests" */ = {
			isa = XCConfigurationList;
			buildConfigurations = (
				55C3778122AC148B004894DA /* Debug */,
				55C3778222AC148B004894DA /* Release */,
			);
			defaultConfigurationIsVisible = 0;
			defaultConfigurationName = Release;
		};
		55C3778322AC148B004894DA /* Build configuration list for PBXNativeTarget "2PlayerMathRedoUITests" */ = {
			isa = XCConfigurationList;
			buildConfigurations = (
				55C3778422AC148B004894DA /* Debug */,
				55C3778522AC148B004894DA /* Release */,
			);
			defaultConfigurationIsVisible = 0;
			defaultConfigurationName = Release;
		};
/* End XCConfigurationList section */
	};
	rootObject = 55C3774922AC148A004894DA /* Project object */;
}
