// !$*UTF8*$!
{
	archiveVersion = 1;
	classes = {
	};
	objectVersion = 50;
	objects = {

/* Begin PBXBuildFile section */
		55C375DB22A9E73C004894DA /* AppDelegate.m in Sources */ = {isa = PBXBuildFile; fileRef = 55C375DA22A9E73C004894DA /* AppDelegate.m */; };
		55C375E122A9E73C004894DA /* Main.storyboard in Resources */ = {isa = PBXBuildFile; fileRef = 55C375DF22A9E73C004894DA /* Main.storyboard */; };
		55C375E322A9E73D004894DA /* Assets.xcassets in Resources */ = {isa = PBXBuildFile; fileRef = 55C375E222A9E73D004894DA /* Assets.xcassets */; };
		55C375E622A9E73D004894DA /* LaunchScreen.storyboard in Resources */ = {isa = PBXBuildFile; fileRef = 55C375E422A9E73D004894DA /* LaunchScreen.storyboard */; };
		55C375E922A9E73D004894DA /* main.m in Sources */ = {isa = PBXBuildFile; fileRef = 55C375E822A9E73D004894DA /* main.m */; };
		55C375F322A9E73E004894DA /* GesturesTests.m in Sources */ = {isa = PBXBuildFile; fileRef = 55C375F222A9E73E004894DA /* GesturesTests.m */; };
		55C375FE22A9E73E004894DA /* GesturesUITests.m in Sources */ = {isa = PBXBuildFile; fileRef = 55C375FD22A9E73E004894DA /* GesturesUITests.m */; };
		55C3760D22A9EA57004894DA /* PanViewController.m in Sources */ = {isa = PBXBuildFile; fileRef = 55C3760C22A9EA57004894DA /* PanViewController.m */; };
		55C3761022A9EA6B004894DA /* TapViewController.m in Sources */ = {isa = PBXBuildFile; fileRef = 55C3760F22A9EA6B004894DA /* TapViewController.m */; };
		55C3761322A9FAAF004894DA /* PinchViewController.m in Sources */ = {isa = PBXBuildFile; fileRef = 55C3761222A9FAAF004894DA /* PinchViewController.m */; };
		55C3761622AA0797004894DA /* SwipeViewController.m in Sources */ = {isa = PBXBuildFile; fileRef = 55C3761522AA0797004894DA /* SwipeViewController.m */; };
/* End PBXBuildFile section */

/* Begin PBXContainerItemProxy section */
		55C375EF22A9E73E004894DA /* PBXContainerItemProxy */ = {
			isa = PBXContainerItemProxy;
			containerPortal = 55C375CE22A9E73C004894DA /* Project object */;
			proxyType = 1;
			remoteGlobalIDString = 55C375D522A9E73C004894DA;
			remoteInfo = Gestures;
		};
		55C375FA22A9E73E004894DA /* PBXContainerItemProxy */ = {
			isa = PBXContainerItemProxy;
			containerPortal = 55C375CE22A9E73C004894DA /* Project object */;
			proxyType = 1;
			remoteGlobalIDString = 55C375D522A9E73C004894DA;
			remoteInfo = Gestures;
		};
/* End PBXContainerItemProxy section */

/* Begin PBXFileReference section */
		55C375D622A9E73C004894DA /* Gestures.app */ = {isa = PBXFileReference; explicitFileType = wrapper.application; includeInIndex = 0; path = Gestures.app; sourceTree = BUILT_PRODUCTS_DIR; };
		55C375D922A9E73C004894DA /* AppDelegate.h */ = {isa = PBXFileReference; lastKnownFileType = sourcecode.c.h; path = AppDelegate.h; sourceTree = "<group>"; };
		55C375DA22A9E73C004894DA /* AppDelegate.m */ = {isa = PBXFileReference; lastKnownFileType = sourcecode.c.objc; path = AppDelegate.m; sourceTree = "<group>"; };
		55C375E022A9E73C004894DA /* Base */ = {isa = PBXFileReference; lastKnownFileType = file.storyboard; name = Base; path = Base.lproj/Main.storyboard; sourceTree = "<group>"; };
		55C375E222A9E73D004894DA /* Assets.xcassets */ = {isa = PBXFileReference; lastKnownFileType = folder.assetcatalog; path = Assets.xcassets; sourceTree = "<group>"; };
		55C375E522A9E73D004894DA /* Base */ = {isa = PBXFileReference; lastKnownFileType = file.storyboard; name = Base; path = Base.lproj/LaunchScreen.storyboard; sourceTree = "<group>"; };
		55C375E722A9E73D004894DA /* Info.plist */ = {isa = PBXFileReference; lastKnownFileType = text.plist.xml; path = Info.plist; sourceTree = "<group>"; };
		55C375E822A9E73D004894DA /* main.m */ = {isa = PBXFileReference; lastKnownFileType = sourcecode.c.objc; path = main.m; sourceTree = "<group>"; };
		55C375EE22A9E73E004894DA /* GesturesTests.xctest */ = {isa = PBXFileReference; explicitFileType = wrapper.cfbundle; includeInIndex = 0; path = GesturesTests.xctest; sourceTree = BUILT_PRODUCTS_DIR; };
		55C375F222A9E73E004894DA /* GesturesTests.m */ = {isa = PBXFileReference; lastKnownFileType = sourcecode.c.objc; path = GesturesTests.m; sourceTree = "<group>"; };
		55C375F422A9E73E004894DA /* Info.plist */ = {isa = PBXFileReference; lastKnownFileType = text.plist.xml; path = Info.plist; sourceTree = "<group>"; };
		55C375F922A9E73E004894DA /* GesturesUITests.xctest */ = {isa = PBXFileReference; explicitFileType = wrapper.cfbundle; includeInIndex = 0; path = GesturesUITests.xctest; sourceTree = BUILT_PRODUCTS_DIR; };
		55C375FD22A9E73E004894DA /* GesturesUITests.m */ = {isa = PBXFileReference; lastKnownFileType = sourcecode.c.objc; path = GesturesUITests.m; sourceTree = "<group>"; };
		55C375FF22A9E73E004894DA /* Info.plist */ = {isa = PBXFileReference; lastKnownFileType = text.plist.xml; path = Info.plist; sourceTree = "<group>"; };
		55C3760B22A9EA57004894DA /* PanViewController.h */ = {isa = PBXFileReference; lastKnownFileType = sourcecode.c.h; path = PanViewController.h; sourceTree = "<group>"; };
		55C3760C22A9EA57004894DA /* PanViewController.m */ = {isa = PBXFileReference; lastKnownFileType = sourcecode.c.objc; path = PanViewController.m; sourceTree = "<group>"; };
		55C3760E22A9EA6B004894DA /* TapViewController.h */ = {isa = PBXFileReference; lastKnownFileType = sourcecode.c.h; path = TapViewController.h; sourceTree = "<group>"; };
		55C3760F22A9EA6B004894DA /* TapViewController.m */ = {isa = PBXFileReference; lastKnownFileType = sourcecode.c.objc; path = TapViewController.m; sourceTree = "<group>"; };
		55C3761122A9FAAF004894DA /* PinchViewController.h */ = {isa = PBXFileReference; lastKnownFileType = sourcecode.c.h; path = PinchViewController.h; sourceTree = "<group>"; };
		55C3761222A9FAAF004894DA /* PinchViewController.m */ = {isa = PBXFileReference; lastKnownFileType = sourcecode.c.objc; path = PinchViewController.m; sourceTree = "<group>"; };
		55C3761422AA0797004894DA /* SwipeViewController.h */ = {isa = PBXFileReference; lastKnownFileType = sourcecode.c.h; path = SwipeViewController.h; sourceTree = "<group>"; };
		55C3761522AA0797004894DA /* SwipeViewController.m */ = {isa = PBXFileReference; lastKnownFileType = sourcecode.c.objc; path = SwipeViewController.m; sourceTree = "<group>"; };
/* End PBXFileReference section */

/* Begin PBXFrameworksBuildPhase section */
		55C375D322A9E73C004894DA /* Frameworks */ = {
			isa = PBXFrameworksBuildPhase;
			buildActionMask = 2147483647;
			files = (
			);
			runOnlyForDeploymentPostprocessing = 0;
		};
		55C375EB22A9E73E004894DA /* Frameworks */ = {
			isa = PBXFrameworksBuildPhase;
			buildActionMask = 2147483647;
			files = (
			);
			runOnlyForDeploymentPostprocessing = 0;
		};
		55C375F622A9E73E004894DA /* Frameworks */ = {
			isa = PBXFrameworksBuildPhase;
			buildActionMask = 2147483647;
			files = (
			);
			runOnlyForDeploymentPostprocessing = 0;
		};
/* End PBXFrameworksBuildPhase section */

/* Begin PBXGroup section */
		55C375CD22A9E73C004894DA = {
			isa = PBXGroup;
			children = (
				55C375D822A9E73C004894DA /* Gestures */,
				55C375F122A9E73E004894DA /* GesturesTests */,
				55C375FC22A9E73E004894DA /* GesturesUITests */,
				55C375D722A9E73C004894DA /* Products */,
			);
			sourceTree = "<group>";
		};
		55C375D722A9E73C004894DA /* Products */ = {
			isa = PBXGroup;
			children = (
				55C375D622A9E73C004894DA /* Gestures.app */,
				55C375EE22A9E73E004894DA /* GesturesTests.xctest */,
				55C375F922A9E73E004894DA /* GesturesUITests.xctest */,
			);
			name = Products;
			sourceTree = "<group>";
		};
		55C375D822A9E73C004894DA /* Gestures */ = {
			isa = PBXGroup;
			children = (
				55C375DF22A9E73C004894DA /* Main.storyboard */,
				55C3761122A9FAAF004894DA /* PinchViewController.h */,
				55C3761222A9FAAF004894DA /* PinchViewController.m */,
				55C3760B22A9EA57004894DA /* PanViewController.h */,
				55C3760C22A9EA57004894DA /* PanViewController.m */,
				55C3760E22A9EA6B004894DA /* TapViewController.h */,
				55C3760F22A9EA6B004894DA /* TapViewController.m */,
				55C3761422AA0797004894DA /* SwipeViewController.h */,
				55C3761522AA0797004894DA /* SwipeViewController.m */,
				55C375E222A9E73D004894DA /* Assets.xcassets */,
				55C375D922A9E73C004894DA /* AppDelegate.h */,
				55C375DA22A9E73C004894DA /* AppDelegate.m */,
				55C375E422A9E73D004894DA /* LaunchScreen.storyboard */,
				55C375E722A9E73D004894DA /* Info.plist */,
				55C375E822A9E73D004894DA /* main.m */,
			);
			path = Gestures;
			sourceTree = "<group>";
		};
		55C375F122A9E73E004894DA /* GesturesTests */ = {
			isa = PBXGroup;
			children = (
				55C375F222A9E73E004894DA /* GesturesTests.m */,
				55C375F422A9E73E004894DA /* Info.plist */,
			);
			path = GesturesTests;
			sourceTree = "<group>";
		};
		55C375FC22A9E73E004894DA /* GesturesUITests */ = {
			isa = PBXGroup;
			children = (
				55C375FD22A9E73E004894DA /* GesturesUITests.m */,
				55C375FF22A9E73E004894DA /* Info.plist */,
			);
			path = GesturesUITests;
			sourceTree = "<group>";
		};
/* End PBXGroup section */

/* Begin PBXNativeTarget section */
		55C375D522A9E73C004894DA /* Gestures */ = {
			isa = PBXNativeTarget;
			buildConfigurationList = 55C3760222A9E73E004894DA /* Build configuration list for PBXNativeTarget "Gestures" */;
			buildPhases = (
				55C375D222A9E73C004894DA /* Sources */,
				55C375D322A9E73C004894DA /* Frameworks */,
				55C375D422A9E73C004894DA /* Resources */,
			);
			buildRules = (
			);
			dependencies = (
			);
			name = Gestures;
			productName = Gestures;
			productReference = 55C375D622A9E73C004894DA /* Gestures.app */;
			productType = "com.apple.product-type.application";
		};
		55C375ED22A9E73E004894DA /* GesturesTests */ = {
			isa = PBXNativeTarget;
			buildConfigurationList = 55C3760522A9E73E004894DA /* Build configuration list for PBXNativeTarget "GesturesTests" */;
			buildPhases = (
				55C375EA22A9E73E004894DA /* Sources */,
				55C375EB22A9E73E004894DA /* Frameworks */,
				55C375EC22A9E73E004894DA /* Resources */,
			);
			buildRules = (
			);
			dependencies = (
				55C375F022A9E73E004894DA /* PBXTargetDependency */,
			);
			name = GesturesTests;
			productName = GesturesTests;
			productReference = 55C375EE22A9E73E004894DA /* GesturesTests.xctest */;
			productType = "com.apple.product-type.bundle.unit-test";
		};
		55C375F822A9E73E004894DA /* GesturesUITests */ = {
			isa = PBXNativeTarget;
			buildConfigurationList = 55C3760822A9E73E004894DA /* Build configuration list for PBXNativeTarget "GesturesUITests" */;
			buildPhases = (
				55C375F522A9E73E004894DA /* Sources */,
				55C375F622A9E73E004894DA /* Frameworks */,
				55C375F722A9E73E004894DA /* Resources */,
			);
			buildRules = (
			);
			dependencies = (
				55C375FB22A9E73E004894DA /* PBXTargetDependency */,
			);
			name = GesturesUITests;
			productName = GesturesUITests;
			productReference = 55C375F922A9E73E004894DA /* GesturesUITests.xctest */;
			productType = "com.apple.product-type.bundle.ui-testing";
		};
/* End PBXNativeTarget section */

/* Begin PBXProject section */
		55C375CE22A9E73C004894DA /* Project object */ = {
			isa = PBXProject;
			attributes = {
				LastUpgradeCheck = 1020;
				ORGANIZATIONNAME = "James Oliver";
				TargetAttributes = {
					55C375D522A9E73C004894DA = {
						CreatedOnToolsVersion = 10.2.1;
					};
					55C375ED22A9E73E004894DA = {
						CreatedOnToolsVersion = 10.2.1;
						TestTargetID = 55C375D522A9E73C004894DA;
					};
					55C375F822A9E73E004894DA = {
						CreatedOnToolsVersion = 10.2.1;
						TestTargetID = 55C375D522A9E73C004894DA;
					};
				};
			};
			buildConfigurationList = 55C375D122A9E73C004894DA /* Build configuration list for PBXProject "Gestures" */;
			compatibilityVersion = "Xcode 9.3";
			developmentRegion = en;
			hasScannedForEncodings = 0;
			knownRegions = (
				en,
				Base,
			);
			mainGroup = 55C375CD22A9E73C004894DA;
			productRefGroup = 55C375D722A9E73C004894DA /* Products */;
			projectDirPath = "";
			projectRoot = "";
			targets = (
				55C375D522A9E73C004894DA /* Gestures */,
				55C375ED22A9E73E004894DA /* GesturesTests */,
				55C375F822A9E73E004894DA /* GesturesUITests */,
			);
		};
/* End PBXProject section */

/* Begin PBXResourcesBuildPhase section */
		55C375D422A9E73C004894DA /* Resources */ = {
			isa = PBXResourcesBuildPhase;
			buildActionMask = 2147483647;
			files = (
				55C375E622A9E73D004894DA /* LaunchScreen.storyboard in Resources */,
				55C375E322A9E73D004894DA /* Assets.xcassets in Resources */,
				55C375E122A9E73C004894DA /* Main.storyboard in Resources */,
			);
			runOnlyForDeploymentPostprocessing = 0;
		};
		55C375EC22A9E73E004894DA /* Resources */ = {
			isa = PBXResourcesBuildPhase;
			buildActionMask = 2147483647;
			files = (
			);
			runOnlyForDeploymentPostprocessing = 0;
		};
		55C375F722A9E73E004894DA /* Resources */ = {
			isa = PBXResourcesBuildPhase;
			buildActionMask = 2147483647;
			files = (
			);
			runOnlyForDeploymentPostprocessing = 0;
		};
/* End PBXResourcesBuildPhase section */

/* Begin PBXSourcesBuildPhase section */
		55C375D222A9E73C004894DA /* Sources */ = {
			isa = PBXSourcesBuildPhase;
			buildActionMask = 2147483647;
			files = (
				55C3760D22A9EA57004894DA /* PanViewController.m in Sources */,
				55C375E922A9E73D004894DA /* main.m in Sources */,
				55C3761322A9FAAF004894DA /* PinchViewController.m in Sources */,
				55C3761622AA0797004894DA /* SwipeViewController.m in Sources */,
				55C3761022A9EA6B004894DA /* TapViewController.m in Sources */,
				55C375DB22A9E73C004894DA /* AppDelegate.m in Sources */,
			);
			runOnlyForDeploymentPostprocessing = 0;
		};
		55C375EA22A9E73E004894DA /* Sources */ = {
			isa = PBXSourcesBuildPhase;
			buildActionMask = 2147483647;
			files = (
				55C375F322A9E73E004894DA /* GesturesTests.m in Sources */,
			);
			runOnlyForDeploymentPostprocessing = 0;
		};
		55C375F522A9E73E004894DA /* Sources */ = {
			isa = PBXSourcesBuildPhase;
			buildActionMask = 2147483647;
			files = (
				55C375FE22A9E73E004894DA /* GesturesUITests.m in Sources */,
			);
			runOnlyForDeploymentPostprocessing = 0;
		};
/* End PBXSourcesBuildPhase section */

/* Begin PBXTargetDependency section */
		55C375F022A9E73E004894DA /* PBXTargetDependency */ = {
			isa = PBXTargetDependency;
			target = 55C375D522A9E73C004894DA /* Gestures */;
			targetProxy = 55C375EF22A9E73E004894DA /* PBXContainerItemProxy */;
		};
		55C375FB22A9E73E004894DA /* PBXTargetDependency */ = {
			isa = PBXTargetDependency;
			target = 55C375D522A9E73C004894DA /* Gestures */;
			targetProxy = 55C375FA22A9E73E004894DA /* PBXContainerItemProxy */;
		};
/* End PBXTargetDependency section */

/* Begin PBXVariantGroup section */
		55C375DF22A9E73C004894DA /* Main.storyboard */ = {
			isa = PBXVariantGroup;
			children = (
				55C375E022A9E73C004894DA /* Base */,
			);
			name = Main.storyboard;
			sourceTree = "<group>";
		};
		55C375E422A9E73D004894DA /* LaunchScreen.storyboard */ = {
			isa = PBXVariantGroup;
			children = (
				55C375E522A9E73D004894DA /* Base */,
			);
			name = LaunchScreen.storyboard;
			sourceTree = "<group>";
		};
/* End PBXVariantGroup section */

/* Begin XCBuildConfiguration section */
		55C3760022A9E73E004894DA /* Debug */ = {
			isa = XCBuildConfiguration;
			buildSettings = {
				ALWAYS_SEARCH_USER_PATHS = NO;
				CLANG_ANALYZER_NONNULL = YES;
				CLANG_ANALYZER_NUMBER_OBJECT_CONVERSION = YES_AGGRESSIVE;
				CLANG_CXX_LANGUAGE_STANDARD = "gnu++14";
				CLANG_CXX_LIBRARY = "libc++";
				CLANG_ENABLE_MODULES = YES;
				CLANG_ENABLE_OBJC_ARC = YES;
				CLANG_ENABLE_OBJC_WEAK = YES;
				CLANG_WARN_BLOCK_CAPTURE_AUTORELEASING = YES;
				CLANG_WARN_BOOL_CONVERSION = YES;
				CLANG_WARN_COMMA = YES;
				CLANG_WARN_CONSTANT_CONVERSION = YES;
				CLANG_WARN_DEPRECATED_OBJC_IMPLEMENTATIONS = YES;
				CLANG_WARN_DIRECT_OBJC_ISA_USAGE = YES_ERROR;
				CLANG_WARN_DOCUMENTATION_COMMENTS = YES;
				CLANG_WARN_EMPTY_BODY = YES;
				CLANG_WARN_ENUM_CONVERSION = YES;
				CLANG_WARN_INFINITE_RECURSION = YES;
				CLANG_WARN_INT_CONVERSION = YES;
				CLANG_WARN_NON_LITERAL_NULL_CONVERSION = YES;
				CLANG_WARN_OBJC_IMPLICIT_RETAIN_SELF = YES;
				CLANG_WARN_OBJC_LITERAL_CONVERSION = YES;
				CLANG_WARN_OBJC_ROOT_CLASS = YES_ERROR;
				CLANG_WARN_RANGE_LOOP_ANALYSIS = YES;
				CLANG_WARN_STRICT_PROTOTYPES = YES;
				CLANG_WARN_SUSPICIOUS_MOVE = YES;
				CLANG_WARN_UNGUARDED_AVAILABILITY = YES_AGGRESSIVE;
				CLANG_WARN_UNREACHABLE_CODE = YES;
				CLANG_WARN__DUPLICATE_METHOD_MATCH = YES;
				CODE_SIGN_IDENTITY = "iPhone Developer";
				COPY_PHASE_STRIP = NO;
				DEBUG_INFORMATION_FORMAT = dwarf;
				ENABLE_STRICT_OBJC_MSGSEND = YES;
				ENABLE_TESTABILITY = YES;
				GCC_C_LANGUAGE_STANDARD = gnu11;
				GCC_DYNAMIC_NO_PIC = NO;
				GCC_NO_COMMON_BLOCKS = YES;
				GCC_OPTIMIZATION_LEVEL = 0;
				GCC_PREPROCESSOR_DEFINITIONS = (
					"DEBUG=1",
					"$(inherited)",
				);
				GCC_WARN_64_TO_32_BIT_CONVERSION = YES;
				GCC_WARN_ABOUT_RETURN_TYPE = YES_ERROR;
				GCC_WARN_UNDECLARED_SELECTOR = YES;
				GCC_WARN_UNINITIALIZED_AUTOS = YES_AGGRESSIVE;
				GCC_WARN_UNUSED_FUNCTION = YES;
				GCC_WARN_UNUSED_VARIABLE = YES;
				IPHONEOS_DEPLOYMENT_TARGET = 12.2;
				MTL_ENABLE_DEBUG_INFO = INCLUDE_SOURCE;
				MTL_FAST_MATH = YES;
				ONLY_ACTIVE_ARCH = YES;
				SDKROOT = iphoneos;
			};
			name = Debug;
		};
		55C3760122A9E73E004894DA /* Release */ = {
			isa = XCBuildConfiguration;
			buildSettings = {
				ALWAYS_SEARCH_USER_PATHS = NO;
				CLANG_ANALYZER_NONNULL = YES;
				CLANG_ANALYZER_NUMBER_OBJECT_CONVERSION = YES_AGGRESSIVE;
				CLANG_CXX_LANGUAGE_STANDARD = "gnu++14";
				CLANG_CXX_LIBRARY = "libc++";
				CLANG_ENABLE_MODULES = YES;
				CLANG_ENABLE_OBJC_ARC = YES;
				CLANG_ENABLE_OBJC_WEAK = YES;
				CLANG_WARN_BLOCK_CAPTURE_AUTORELEASING = YES;
				CLANG_WARN_BOOL_CONVERSION = YES;
				CLANG_WARN_COMMA = YES;
				CLANG_WARN_CONSTANT_CONVERSION = YES;
				CLANG_WARN_DEPRECATED_OBJC_IMPLEMENTATIONS = YES;
				CLANG_WARN_DIRECT_OBJC_ISA_USAGE = YES_ERROR;
				CLANG_WARN_DOCUMENTATION_COMMENTS = YES;
				CLANG_WARN_EMPTY_BODY = YES;
				CLANG_WARN_ENUM_CONVERSION = YES;
				CLANG_WARN_INFINITE_RECURSION = YES;
				CLANG_WARN_INT_CONVERSION = YES;
				CLANG_WARN_NON_LITERAL_NULL_CONVERSION = YES;
				CLANG_WARN_OBJC_IMPLICIT_RETAIN_SELF = YES;
				CLANG_WARN_OBJC_LITERAL_CONVERSION = YES;
				CLANG_WARN_OBJC_ROOT_CLASS = YES_ERROR;
				CLANG_WARN_RANGE_LOOP_ANALYSIS = YES;
				CLANG_WARN_STRICT_PROTOTYPES = YES;
				CLANG_WARN_SUSPICIOUS_MOVE = YES;
				CLANG_WARN_UNGUARDED_AVAILABILITY = YES_AGGRESSIVE;
				CLANG_WARN_UNREACHABLE_CODE = YES;
				CLANG_WARN__DUPLICATE_METHOD_MATCH = YES;
				CODE_SIGN_IDENTITY = "iPhone Developer";
				COPY_PHASE_STRIP = NO;
				DEBUG_INFORMATION_FORMAT = "dwarf-with-dsym";
				ENABLE_NS_ASSERTIONS = NO;
				ENABLE_STRICT_OBJC_MSGSEND = YES;
				GCC_C_LANGUAGE_STANDARD = gnu11;
				GCC_NO_COMMON_BLOCKS = YES;
				GCC_WARN_64_TO_32_BIT_CONVERSION = YES;
				GCC_WARN_ABOUT_RETURN_TYPE = YES_ERROR;
				GCC_WARN_UNDECLARED_SELECTOR = YES;
				GCC_WARN_UNINITIALIZED_AUTOS = YES_AGGRESSIVE;
				GCC_WARN_UNUSED_FUNCTION = YES;
				GCC_WARN_UNUSED_VARIABLE = YES;
				IPHONEOS_DEPLOYMENT_TARGET = 12.2;
				MTL_ENABLE_DEBUG_INFO = NO;
				MTL_FAST_MATH = YES;
				SDKROOT = iphoneos;
				VALIDATE_PRODUCT = YES;
			};
			name = Release;
		};
		55C3760322A9E73E004894DA /* Debug */ = {
			isa = XCBuildConfiguration;
			buildSettings = {
				ASSETCATALOG_COMPILER_APPICON_NAME = AppIcon;
				CODE_SIGN_STYLE = Automatic;
				DEVELOPMENT_TEAM = UK4JFARFJ9;
				INFOPLIST_FILE = Gestures/Info.plist;
				LD_RUNPATH_SEARCH_PATHS = (
					"$(inherited)",
					"@executable_path/Frameworks",
				);
				PRODUCT_BUNDLE_IDENTIFIER = "ESG-James.Gestures";
				PRODUCT_NAME = "$(TARGET_NAME)";
				TARGETED_DEVICE_FAMILY = "1,2";
			};
			name = Debug;
		};
		55C3760422A9E73E004894DA /* Release */ = {
			isa = XCBuildConfiguration;
			buildSettings = {
				ASSETCATALOG_COMPILER_APPICON_NAME = AppIcon;
				CODE_SIGN_STYLE = Automatic;
				DEVELOPMENT_TEAM = UK4JFARFJ9;
				INFOPLIST_FILE = Gestures/Info.plist;
				LD_RUNPATH_SEARCH_PATHS = (
					"$(inherited)",
					"@executable_path/Frameworks",
				);
				PRODUCT_BUNDLE_IDENTIFIER = "ESG-James.Gestures";
				PRODUCT_NAME = "$(TARGET_NAME)";
				TARGETED_DEVICE_FAMILY = "1,2";
			};
			name = Release;
		};
		55C3760622A9E73E004894DA /* Debug */ = {
			isa = XCBuildConfiguration;
			buildSettings = {
				BUNDLE_LOADER = "$(TEST_HOST)";
				CODE_SIGN_STYLE = Automatic;
				DEVELOPMENT_TEAM = UK4JFARFJ9;
				INFOPLIST_FILE = GesturesTests/Info.plist;
				LD_RUNPATH_SEARCH_PATHS = (
					"$(inherited)",
					"@executable_path/Frameworks",
					"@loader_path/Frameworks",
				);
				PRODUCT_BUNDLE_IDENTIFIER = "ESG-James.GesturesTests";
				PRODUCT_NAME = "$(TARGET_NAME)";
				TARGETED_DEVICE_FAMILY = "1,2";
				TEST_HOST = "$(BUILT_PRODUCTS_DIR)/Gestures.app/Gestures";
			};
			name = Debug;
		};
		55C3760722A9E73E004894DA /* Release */ = {
			isa = XCBuildConfiguration;
			buildSettings = {
				BUNDLE_LOADER = "$(TEST_HOST)";
				CODE_SIGN_STYLE = Automatic;
				DEVELOPMENT_TEAM = UK4JFARFJ9;
				INFOPLIST_FILE = GesturesTests/Info.plist;
				LD_RUNPATH_SEARCH_PATHS = (
					"$(inherited)",
					"@executable_path/Frameworks",
					"@loader_path/Frameworks",
				);
				PRODUCT_BUNDLE_IDENTIFIER = "ESG-James.GesturesTests";
				PRODUCT_NAME = "$(TARGET_NAME)";
				TARGETED_DEVICE_FAMILY = "1,2";
				TEST_HOST = "$(BUILT_PRODUCTS_DIR)/Gestures.app/Gestures";
			};
			name = Release;
		};
		55C3760922A9E73E004894DA /* Debug */ = {
			isa = XCBuildConfiguration;
			buildSettings = {
				CODE_SIGN_STYLE = Automatic;
				DEVELOPMENT_TEAM = UK4JFARFJ9;
				INFOPLIST_FILE = GesturesUITests/Info.plist;
				LD_RUNPATH_SEARCH_PATHS = (
					"$(inherited)",
					"@executable_path/Frameworks",
					"@loader_path/Frameworks",
				);
				PRODUCT_BUNDLE_IDENTIFIER = "ESG-James.GesturesUITests";
				PRODUCT_NAME = "$(TARGET_NAME)";
				TARGETED_DEVICE_FAMILY = "1,2";
				TEST_TARGET_NAME = Gestures;
			};
			name = Debug;
		};
		55C3760A22A9E73E004894DA /* Release */ = {
			isa = XCBuildConfiguration;
			buildSettings = {
				CODE_SIGN_STYLE = Automatic;
				DEVELOPMENT_TEAM = UK4JFARFJ9;
				INFOPLIST_FILE = GesturesUITests/Info.plist;
				LD_RUNPATH_SEARCH_PATHS = (
					"$(inherited)",
					"@executable_path/Frameworks",
					"@loader_path/Frameworks",
				);
				PRODUCT_BUNDLE_IDENTIFIER = "ESG-James.GesturesUITests";
				PRODUCT_NAME = "$(TARGET_NAME)";
				TARGETED_DEVICE_FAMILY = "1,2";
				TEST_TARGET_NAME = Gestures;
			};
			name = Release;
		};
/* End XCBuildConfiguration section */

/* Begin XCConfigurationList section */
		55C375D122A9E73C004894DA /* Build configuration list for PBXProject "Gestures" */ = {
			isa = XCConfigurationList;
			buildConfigurations = (
				55C3760022A9E73E004894DA /* Debug */,
				55C3760122A9E73E004894DA /* Release */,
			);
			defaultConfigurationIsVisible = 0;
			defaultConfigurationName = Release;
		};
		55C3760222A9E73E004894DA /* Build configuration list for PBXNativeTarget "Gestures" */ = {
			isa = XCConfigurationList;
			buildConfigurations = (
				55C3760322A9E73E004894DA /* Debug */,
				55C3760422A9E73E004894DA /* Release */,
			);
			defaultConfigurationIsVisible = 0;
			defaultConfigurationName = Release;
		};
		55C3760522A9E73E004894DA /* Build configuration list for PBXNativeTarget "GesturesTests" */ = {
			isa = XCConfigurationList;
			buildConfigurations = (
				55C3760622A9E73E004894DA /* Debug */,
				55C3760722A9E73E004894DA /* Release */,
			);
			defaultConfigurationIsVisible = 0;
			defaultConfigurationName = Release;
		};
		55C3760822A9E73E004894DA /* Build configuration list for PBXNativeTarget "GesturesUITests" */ = {
			isa = XCConfigurationList;
			buildConfigurations = (
				55C3760922A9E73E004894DA /* Debug */,
				55C3760A22A9E73E004894DA /* Release */,
			);
			defaultConfigurationIsVisible = 0;
			defaultConfigurationName = Release;
		};
/* End XCConfigurationList section */
	};
	rootObject = 55C375CE22A9E73C004894DA /* Project object */;
}
