// !$*UTF8*$!
{
	archiveVersion = 1;
	classes = {
	};
	objectVersion = 50;
	objects = {

/* Begin PBXBuildFile section */
		55B8A8F322A8978C003917A7 /* AppDelegate.m in Sources */ = {isa = PBXBuildFile; fileRef = 55B8A8F222A8978C003917A7 /* AppDelegate.m */; };
		55B8A8F622A8978C003917A7 /* ViewController.m in Sources */ = {isa = PBXBuildFile; fileRef = 55B8A8F522A8978C003917A7 /* ViewController.m */; };
		55B8A8F922A8978C003917A7 /* Main.storyboard in Resources */ = {isa = PBXBuildFile; fileRef = 55B8A8F722A8978C003917A7 /* Main.storyboard */; };
		55B8A8FB22A8978D003917A7 /* Assets.xcassets in Resources */ = {isa = PBXBuildFile; fileRef = 55B8A8FA22A8978D003917A7 /* Assets.xcassets */; };
		55B8A8FE22A8978D003917A7 /* LaunchScreen.storyboard in Resources */ = {isa = PBXBuildFile; fileRef = 55B8A8FC22A8978D003917A7 /* LaunchScreen.storyboard */; };
		55B8A90122A8978D003917A7 /* main.m in Sources */ = {isa = PBXBuildFile; fileRef = 55B8A90022A8978D003917A7 /* main.m */; };
		55B8A90B22A8978D003917A7 /* EnteringAHouseTests.m in Sources */ = {isa = PBXBuildFile; fileRef = 55B8A90A22A8978D003917A7 /* EnteringAHouseTests.m */; };
		55B8A91622A8978D003917A7 /* EnteringAHouseUITests.m in Sources */ = {isa = PBXBuildFile; fileRef = 55B8A91522A8978D003917A7 /* EnteringAHouseUITests.m */; };
/* End PBXBuildFile section */

/* Begin PBXContainerItemProxy section */
		55B8A90722A8978D003917A7 /* PBXContainerItemProxy */ = {
			isa = PBXContainerItemProxy;
			containerPortal = 55B8A8E622A8978C003917A7 /* Project object */;
			proxyType = 1;
			remoteGlobalIDString = 55B8A8ED22A8978C003917A7;
			remoteInfo = EnteringAHouse;
		};
		55B8A91222A8978D003917A7 /* PBXContainerItemProxy */ = {
			isa = PBXContainerItemProxy;
			containerPortal = 55B8A8E622A8978C003917A7 /* Project object */;
			proxyType = 1;
			remoteGlobalIDString = 55B8A8ED22A8978C003917A7;
			remoteInfo = EnteringAHouse;
		};
/* End PBXContainerItemProxy section */

/* Begin PBXFileReference section */
		55B8A8EE22A8978C003917A7 /* EnteringAHouse.app */ = {isa = PBXFileReference; explicitFileType = wrapper.application; includeInIndex = 0; path = EnteringAHouse.app; sourceTree = BUILT_PRODUCTS_DIR; };
		55B8A8F122A8978C003917A7 /* AppDelegate.h */ = {isa = PBXFileReference; lastKnownFileType = sourcecode.c.h; path = AppDelegate.h; sourceTree = "<group>"; };
		55B8A8F222A8978C003917A7 /* AppDelegate.m */ = {isa = PBXFileReference; lastKnownFileType = sourcecode.c.objc; path = AppDelegate.m; sourceTree = "<group>"; };
		55B8A8F422A8978C003917A7 /* ViewController.h */ = {isa = PBXFileReference; lastKnownFileType = sourcecode.c.h; path = ViewController.h; sourceTree = "<group>"; };
		55B8A8F522A8978C003917A7 /* ViewController.m */ = {isa = PBXFileReference; lastKnownFileType = sourcecode.c.objc; path = ViewController.m; sourceTree = "<group>"; };
		55B8A8F822A8978C003917A7 /* Base */ = {isa = PBXFileReference; lastKnownFileType = file.storyboard; name = Base; path = Base.lproj/Main.storyboard; sourceTree = "<group>"; };
		55B8A8FA22A8978D003917A7 /* Assets.xcassets */ = {isa = PBXFileReference; lastKnownFileType = folder.assetcatalog; path = Assets.xcassets; sourceTree = "<group>"; };
		55B8A8FD22A8978D003917A7 /* Base */ = {isa = PBXFileReference; lastKnownFileType = file.storyboard; name = Base; path = Base.lproj/LaunchScreen.storyboard; sourceTree = "<group>"; };
		55B8A8FF22A8978D003917A7 /* Info.plist */ = {isa = PBXFileReference; lastKnownFileType = text.plist.xml; path = Info.plist; sourceTree = "<group>"; };
		55B8A90022A8978D003917A7 /* main.m */ = {isa = PBXFileReference; lastKnownFileType = sourcecode.c.objc; path = main.m; sourceTree = "<group>"; };
		55B8A90622A8978D003917A7 /* EnteringAHouseTests.xctest */ = {isa = PBXFileReference; explicitFileType = wrapper.cfbundle; includeInIndex = 0; path = EnteringAHouseTests.xctest; sourceTree = BUILT_PRODUCTS_DIR; };
		55B8A90A22A8978D003917A7 /* EnteringAHouseTests.m */ = {isa = PBXFileReference; lastKnownFileType = sourcecode.c.objc; path = EnteringAHouseTests.m; sourceTree = "<group>"; };
		55B8A90C22A8978D003917A7 /* Info.plist */ = {isa = PBXFileReference; lastKnownFileType = text.plist.xml; path = Info.plist; sourceTree = "<group>"; };
		55B8A91122A8978D003917A7 /* EnteringAHouseUITests.xctest */ = {isa = PBXFileReference; explicitFileType = wrapper.cfbundle; includeInIndex = 0; path = EnteringAHouseUITests.xctest; sourceTree = BUILT_PRODUCTS_DIR; };
		55B8A91522A8978D003917A7 /* EnteringAHouseUITests.m */ = {isa = PBXFileReference; lastKnownFileType = sourcecode.c.objc; path = EnteringAHouseUITests.m; sourceTree = "<group>"; };
		55B8A91722A8978D003917A7 /* Info.plist */ = {isa = PBXFileReference; lastKnownFileType = text.plist.xml; path = Info.plist; sourceTree = "<group>"; };
/* End PBXFileReference section */

/* Begin PBXFrameworksBuildPhase section */
		55B8A8EB22A8978C003917A7 /* Frameworks */ = {
			isa = PBXFrameworksBuildPhase;
			buildActionMask = 2147483647;
			files = (
			);
			runOnlyForDeploymentPostprocessing = 0;
		};
		55B8A90322A8978D003917A7 /* Frameworks */ = {
			isa = PBXFrameworksBuildPhase;
			buildActionMask = 2147483647;
			files = (
			);
			runOnlyForDeploymentPostprocessing = 0;
		};
		55B8A90E22A8978D003917A7 /* Frameworks */ = {
			isa = PBXFrameworksBuildPhase;
			buildActionMask = 2147483647;
			files = (
			);
			runOnlyForDeploymentPostprocessing = 0;
		};
/* End PBXFrameworksBuildPhase section */

/* Begin PBXGroup section */
		55B8A8E522A8978C003917A7 = {
			isa = PBXGroup;
			children = (
				55B8A8F022A8978C003917A7 /* EnteringAHouse */,
				55B8A90922A8978D003917A7 /* EnteringAHouseTests */,
				55B8A91422A8978D003917A7 /* EnteringAHouseUITests */,
				55B8A8EF22A8978C003917A7 /* Products */,
			);
			sourceTree = "<group>";
		};
		55B8A8EF22A8978C003917A7 /* Products */ = {
			isa = PBXGroup;
			children = (
				55B8A8EE22A8978C003917A7 /* EnteringAHouse.app */,
				55B8A90622A8978D003917A7 /* EnteringAHouseTests.xctest */,
				55B8A91122A8978D003917A7 /* EnteringAHouseUITests.xctest */,
			);
			name = Products;
			sourceTree = "<group>";
		};
		55B8A8F022A8978C003917A7 /* EnteringAHouse */ = {
			isa = PBXGroup;
			children = (
				55B8A8F122A8978C003917A7 /* AppDelegate.h */,
				55B8A8F222A8978C003917A7 /* AppDelegate.m */,
				55B8A8F422A8978C003917A7 /* ViewController.h */,
				55B8A8F522A8978C003917A7 /* ViewController.m */,
				55B8A8F722A8978C003917A7 /* Main.storyboard */,
				55B8A8FA22A8978D003917A7 /* Assets.xcassets */,
				55B8A8FC22A8978D003917A7 /* LaunchScreen.storyboard */,
				55B8A8FF22A8978D003917A7 /* Info.plist */,
				55B8A90022A8978D003917A7 /* main.m */,
			);
			path = EnteringAHouse;
			sourceTree = "<group>";
		};
		55B8A90922A8978D003917A7 /* EnteringAHouseTests */ = {
			isa = PBXGroup;
			children = (
				55B8A90A22A8978D003917A7 /* EnteringAHouseTests.m */,
				55B8A90C22A8978D003917A7 /* Info.plist */,
			);
			path = EnteringAHouseTests;
			sourceTree = "<group>";
		};
		55B8A91422A8978D003917A7 /* EnteringAHouseUITests */ = {
			isa = PBXGroup;
			children = (
				55B8A91522A8978D003917A7 /* EnteringAHouseUITests.m */,
				55B8A91722A8978D003917A7 /* Info.plist */,
			);
			path = EnteringAHouseUITests;
			sourceTree = "<group>";
		};
/* End PBXGroup section */

/* Begin PBXNativeTarget section */
		55B8A8ED22A8978C003917A7 /* EnteringAHouse */ = {
			isa = PBXNativeTarget;
			buildConfigurationList = 55B8A91A22A8978D003917A7 /* Build configuration list for PBXNativeTarget "EnteringAHouse" */;
			buildPhases = (
				55B8A8EA22A8978C003917A7 /* Sources */,
				55B8A8EB22A8978C003917A7 /* Frameworks */,
				55B8A8EC22A8978C003917A7 /* Resources */,
			);
			buildRules = (
			);
			dependencies = (
			);
			name = EnteringAHouse;
			productName = EnteringAHouse;
			productReference = 55B8A8EE22A8978C003917A7 /* EnteringAHouse.app */;
			productType = "com.apple.product-type.application";
		};
		55B8A90522A8978D003917A7 /* EnteringAHouseTests */ = {
			isa = PBXNativeTarget;
			buildConfigurationList = 55B8A91D22A8978D003917A7 /* Build configuration list for PBXNativeTarget "EnteringAHouseTests" */;
			buildPhases = (
				55B8A90222A8978D003917A7 /* Sources */,
				55B8A90322A8978D003917A7 /* Frameworks */,
				55B8A90422A8978D003917A7 /* Resources */,
			);
			buildRules = (
			);
			dependencies = (
				55B8A90822A8978D003917A7 /* PBXTargetDependency */,
			);
			name = EnteringAHouseTests;
			productName = EnteringAHouseTests;
			productReference = 55B8A90622A8978D003917A7 /* EnteringAHouseTests.xctest */;
			productType = "com.apple.product-type.bundle.unit-test";
		};
		55B8A91022A8978D003917A7 /* EnteringAHouseUITests */ = {
			isa = PBXNativeTarget;
			buildConfigurationList = 55B8A92022A8978D003917A7 /* Build configuration list for PBXNativeTarget "EnteringAHouseUITests" */;
			buildPhases = (
				55B8A90D22A8978D003917A7 /* Sources */,
				55B8A90E22A8978D003917A7 /* Frameworks */,
				55B8A90F22A8978D003917A7 /* Resources */,
			);
			buildRules = (
			);
			dependencies = (
				55B8A91322A8978D003917A7 /* PBXTargetDependency */,
			);
			name = EnteringAHouseUITests;
			productName = EnteringAHouseUITests;
			productReference = 55B8A91122A8978D003917A7 /* EnteringAHouseUITests.xctest */;
			productType = "com.apple.product-type.bundle.ui-testing";
		};
/* End PBXNativeTarget section */

/* Begin PBXProject section */
		55B8A8E622A8978C003917A7 /* Project object */ = {
			isa = PBXProject;
			attributes = {
				LastUpgradeCheck = 1020;
				ORGANIZATIONNAME = "James Oliver";
				TargetAttributes = {
					55B8A8ED22A8978C003917A7 = {
						CreatedOnToolsVersion = 10.2.1;
					};
					55B8A90522A8978D003917A7 = {
						CreatedOnToolsVersion = 10.2.1;
						TestTargetID = 55B8A8ED22A8978C003917A7;
					};
					55B8A91022A8978D003917A7 = {
						CreatedOnToolsVersion = 10.2.1;
						TestTargetID = 55B8A8ED22A8978C003917A7;
					};
				};
			};
			buildConfigurationList = 55B8A8E922A8978C003917A7 /* Build configuration list for PBXProject "EnteringAHouse" */;
			compatibilityVersion = "Xcode 9.3";
			developmentRegion = en;
			hasScannedForEncodings = 0;
			knownRegions = (
				en,
				Base,
			);
			mainGroup = 55B8A8E522A8978C003917A7;
			productRefGroup = 55B8A8EF22A8978C003917A7 /* Products */;
			projectDirPath = "";
			projectRoot = "";
			targets = (
				55B8A8ED22A8978C003917A7 /* EnteringAHouse */,
				55B8A90522A8978D003917A7 /* EnteringAHouseTests */,
				55B8A91022A8978D003917A7 /* EnteringAHouseUITests */,
			);
		};
/* End PBXProject section */

/* Begin PBXResourcesBuildPhase section */
		55B8A8EC22A8978C003917A7 /* Resources */ = {
			isa = PBXResourcesBuildPhase;
			buildActionMask = 2147483647;
			files = (
				55B8A8FE22A8978D003917A7 /* LaunchScreen.storyboard in Resources */,
				55B8A8FB22A8978D003917A7 /* Assets.xcassets in Resources */,
				55B8A8F922A8978C003917A7 /* Main.storyboard in Resources */,
			);
			runOnlyForDeploymentPostprocessing = 0;
		};
		55B8A90422A8978D003917A7 /* Resources */ = {
			isa = PBXResourcesBuildPhase;
			buildActionMask = 2147483647;
			files = (
			);
			runOnlyForDeploymentPostprocessing = 0;
		};
		55B8A90F22A8978D003917A7 /* Resources */ = {
			isa = PBXResourcesBuildPhase;
			buildActionMask = 2147483647;
			files = (
			);
			runOnlyForDeploymentPostprocessing = 0;
		};
/* End PBXResourcesBuildPhase section */

/* Begin PBXSourcesBuildPhase section */
		55B8A8EA22A8978C003917A7 /* Sources */ = {
			isa = PBXSourcesBuildPhase;
			buildActionMask = 2147483647;
			files = (
				55B8A8F622A8978C003917A7 /* ViewController.m in Sources */,
				55B8A90122A8978D003917A7 /* main.m in Sources */,
				55B8A8F322A8978C003917A7 /* AppDelegate.m in Sources */,
			);
			runOnlyForDeploymentPostprocessing = 0;
		};
		55B8A90222A8978D003917A7 /* Sources */ = {
			isa = PBXSourcesBuildPhase;
			buildActionMask = 2147483647;
			files = (
				55B8A90B22A8978D003917A7 /* EnteringAHouseTests.m in Sources */,
			);
			runOnlyForDeploymentPostprocessing = 0;
		};
		55B8A90D22A8978D003917A7 /* Sources */ = {
			isa = PBXSourcesBuildPhase;
			buildActionMask = 2147483647;
			files = (
				55B8A91622A8978D003917A7 /* EnteringAHouseUITests.m in Sources */,
			);
			runOnlyForDeploymentPostprocessing = 0;
		};
/* End PBXSourcesBuildPhase section */

/* Begin PBXTargetDependency section */
		55B8A90822A8978D003917A7 /* PBXTargetDependency */ = {
			isa = PBXTargetDependency;
			target = 55B8A8ED22A8978C003917A7 /* EnteringAHouse */;
			targetProxy = 55B8A90722A8978D003917A7 /* PBXContainerItemProxy */;
		};
		55B8A91322A8978D003917A7 /* PBXTargetDependency */ = {
			isa = PBXTargetDependency;
			target = 55B8A8ED22A8978C003917A7 /* EnteringAHouse */;
			targetProxy = 55B8A91222A8978D003917A7 /* PBXContainerItemProxy */;
		};
/* End PBXTargetDependency section */

/* Begin PBXVariantGroup section */
		55B8A8F722A8978C003917A7 /* Main.storyboard */ = {
			isa = PBXVariantGroup;
			children = (
				55B8A8F822A8978C003917A7 /* Base */,
			);
			name = Main.storyboard;
			sourceTree = "<group>";
		};
		55B8A8FC22A8978D003917A7 /* LaunchScreen.storyboard */ = {
			isa = PBXVariantGroup;
			children = (
				55B8A8FD22A8978D003917A7 /* Base */,
			);
			name = LaunchScreen.storyboard;
			sourceTree = "<group>";
		};
/* End PBXVariantGroup section */

/* Begin XCBuildConfiguration section */
		55B8A91822A8978D003917A7 /* Debug */ = {
			isa = XCBuildConfiguration;
			buildSettings = {
				ALWAYS_SEARCH_USER_PATHS = NO;
				CLANG_ANALYZER_NONNULL = YES;
				CLANG_ANALYZER_NUMBER_OBJECT_CONVERSION = YES_AGGRESSIVE;
				CLANG_CXX_LANGUAGE_STANDARD = "gnu++14";
				CLANG_CXX_LIBRARY = "libc++";
				CLANG_ENABLE_MODULES = YES;
				CLANG_ENABLE_OBJC_ARC = YES;
				CLANG_ENABLE_OBJC_WEAK = YES;
				CLANG_WARN_BLOCK_CAPTURE_AUTORELEASING = YES;
				CLANG_WARN_BOOL_CONVERSION = YES;
				CLANG_WARN_COMMA = YES;
				CLANG_WARN_CONSTANT_CONVERSION = YES;
				CLANG_WARN_DEPRECATED_OBJC_IMPLEMENTATIONS = YES;
				CLANG_WARN_DIRECT_OBJC_ISA_USAGE = YES_ERROR;
				CLANG_WARN_DOCUMENTATION_COMMENTS = YES;
				CLANG_WARN_EMPTY_BODY = YES;
				CLANG_WARN_ENUM_CONVERSION = YES;
				CLANG_WARN_INFINITE_RECURSION = YES;
				CLANG_WARN_INT_CONVERSION = YES;
				CLANG_WARN_NON_LITERAL_NULL_CONVERSION = YES;
				CLANG_WARN_OBJC_IMPLICIT_RETAIN_SELF = YES;
				CLANG_WARN_OBJC_LITERAL_CONVERSION = YES;
				CLANG_WARN_OBJC_ROOT_CLASS = YES_ERROR;
				CLANG_WARN_RANGE_LOOP_ANALYSIS = YES;
				CLANG_WARN_STRICT_PROTOTYPES = YES;
				CLANG_WARN_SUSPICIOUS_MOVE = YES;
				CLANG_WARN_UNGUARDED_AVAILABILITY = YES_AGGRESSIVE;
				CLANG_WARN_UNREACHABLE_CODE = YES;
				CLANG_WARN__DUPLICATE_METHOD_MATCH = YES;
				CODE_SIGN_IDENTITY = "iPhone Developer";
				COPY_PHASE_STRIP = NO;
				DEBUG_INFORMATION_FORMAT = dwarf;
				ENABLE_STRICT_OBJC_MSGSEND = YES;
				ENABLE_TESTABILITY = YES;
				GCC_C_LANGUAGE_STANDARD = gnu11;
				GCC_DYNAMIC_NO_PIC = NO;
				GCC_NO_COMMON_BLOCKS = YES;
				GCC_OPTIMIZATION_LEVEL = 0;
				GCC_PREPROCESSOR_DEFINITIONS = (
					"DEBUG=1",
					"$(inherited)",
				);
				GCC_WARN_64_TO_32_BIT_CONVERSION = YES;
				GCC_WARN_ABOUT_RETURN_TYPE = YES_ERROR;
				GCC_WARN_UNDECLARED_SELECTOR = YES;
				GCC_WARN_UNINITIALIZED_AUTOS = YES_AGGRESSIVE;
				GCC_WARN_UNUSED_FUNCTION = YES;
				GCC_WARN_UNUSED_VARIABLE = YES;
				IPHONEOS_DEPLOYMENT_TARGET = 12.2;
				MTL_ENABLE_DEBUG_INFO = INCLUDE_SOURCE;
				MTL_FAST_MATH = YES;
				ONLY_ACTIVE_ARCH = YES;
				SDKROOT = iphoneos;
			};
			name = Debug;
		};
		55B8A91922A8978D003917A7 /* Release */ = {
			isa = XCBuildConfiguration;
			buildSettings = {
				ALWAYS_SEARCH_USER_PATHS = NO;
				CLANG_ANALYZER_NONNULL = YES;
				CLANG_ANALYZER_NUMBER_OBJECT_CONVERSION = YES_AGGRESSIVE;
				CLANG_CXX_LANGUAGE_STANDARD = "gnu++14";
				CLANG_CXX_LIBRARY = "libc++";
				CLANG_ENABLE_MODULES = YES;
				CLANG_ENABLE_OBJC_ARC = YES;
				CLANG_ENABLE_OBJC_WEAK = YES;
				CLANG_WARN_BLOCK_CAPTURE_AUTORELEASING = YES;
				CLANG_WARN_BOOL_CONVERSION = YES;
				CLANG_WARN_COMMA = YES;
				CLANG_WARN_CONSTANT_CONVERSION = YES;
				CLANG_WARN_DEPRECATED_OBJC_IMPLEMENTATIONS = YES;
				CLANG_WARN_DIRECT_OBJC_ISA_USAGE = YES_ERROR;
				CLANG_WARN_DOCUMENTATION_COMMENTS = YES;
				CLANG_WARN_EMPTY_BODY = YES;
				CLANG_WARN_ENUM_CONVERSION = YES;
				CLANG_WARN_INFINITE_RECURSION = YES;
				CLANG_WARN_INT_CONVERSION = YES;
				CLANG_WARN_NON_LITERAL_NULL_CONVERSION = YES;
				CLANG_WARN_OBJC_IMPLICIT_RETAIN_SELF = YES;
				CLANG_WARN_OBJC_LITERAL_CONVERSION = YES;
				CLANG_WARN_OBJC_ROOT_CLASS = YES_ERROR;
				CLANG_WARN_RANGE_LOOP_ANALYSIS = YES;
				CLANG_WARN_STRICT_PROTOTYPES = YES;
				CLANG_WARN_SUSPICIOUS_MOVE = YES;
				CLANG_WARN_UNGUARDED_AVAILABILITY = YES_AGGRESSIVE;
				CLANG_WARN_UNREACHABLE_CODE = YES;
				CLANG_WARN__DUPLICATE_METHOD_MATCH = YES;
				CODE_SIGN_IDENTITY = "iPhone Developer";
				COPY_PHASE_STRIP = NO;
				DEBUG_INFORMATION_FORMAT = "dwarf-with-dsym";
				ENABLE_NS_ASSERTIONS = NO;
				ENABLE_STRICT_OBJC_MSGSEND = YES;
				GCC_C_LANGUAGE_STANDARD = gnu11;
				GCC_NO_COMMON_BLOCKS = YES;
				GCC_WARN_64_TO_32_BIT_CONVERSION = YES;
				GCC_WARN_ABOUT_RETURN_TYPE = YES_ERROR;
				GCC_WARN_UNDECLARED_SELECTOR = YES;
				GCC_WARN_UNINITIALIZED_AUTOS = YES_AGGRESSIVE;
				GCC_WARN_UNUSED_FUNCTION = YES;
				GCC_WARN_UNUSED_VARIABLE = YES;
				IPHONEOS_DEPLOYMENT_TARGET = 12.2;
				MTL_ENABLE_DEBUG_INFO = NO;
				MTL_FAST_MATH = YES;
				SDKROOT = iphoneos;
				VALIDATE_PRODUCT = YES;
			};
			name = Release;
		};
		55B8A91B22A8978D003917A7 /* Debug */ = {
			isa = XCBuildConfiguration;
			buildSettings = {
				ASSETCATALOG_COMPILER_APPICON_NAME = AppIcon;
				CODE_SIGN_STYLE = Automatic;
				DEVELOPMENT_TEAM = UK4JFARFJ9;
				INFOPLIST_FILE = EnteringAHouse/Info.plist;
				LD_RUNPATH_SEARCH_PATHS = (
					"$(inherited)",
					"@executable_path/Frameworks",
				);
				PRODUCT_BUNDLE_IDENTIFIER = "ESG-James.EnteringAHouse";
				PRODUCT_NAME = "$(TARGET_NAME)";
				TARGETED_DEVICE_FAMILY = "1,2";
			};
			name = Debug;
		};
		55B8A91C22A8978D003917A7 /* Release */ = {
			isa = XCBuildConfiguration;
			buildSettings = {
				ASSETCATALOG_COMPILER_APPICON_NAME = AppIcon;
				CODE_SIGN_STYLE = Automatic;
				DEVELOPMENT_TEAM = UK4JFARFJ9;
				INFOPLIST_FILE = EnteringAHouse/Info.plist;
				LD_RUNPATH_SEARCH_PATHS = (
					"$(inherited)",
					"@executable_path/Frameworks",
				);
				PRODUCT_BUNDLE_IDENTIFIER = "ESG-James.EnteringAHouse";
				PRODUCT_NAME = "$(TARGET_NAME)";
				TARGETED_DEVICE_FAMILY = "1,2";
			};
			name = Release;
		};
		55B8A91E22A8978D003917A7 /* Debug */ = {
			isa = XCBuildConfiguration;
			buildSettings = {
				BUNDLE_LOADER = "$(TEST_HOST)";
				CODE_SIGN_STYLE = Automatic;
				DEVELOPMENT_TEAM = UK4JFARFJ9;
				INFOPLIST_FILE = EnteringAHouseTests/Info.plist;
				LD_RUNPATH_SEARCH_PATHS = (
					"$(inherited)",
					"@executable_path/Frameworks",
					"@loader_path/Frameworks",
				);
				PRODUCT_BUNDLE_IDENTIFIER = "ESG-James.EnteringAHouseTests";
				PRODUCT_NAME = "$(TARGET_NAME)";
				TARGETED_DEVICE_FAMILY = "1,2";
				TEST_HOST = "$(BUILT_PRODUCTS_DIR)/EnteringAHouse.app/EnteringAHouse";
			};
			name = Debug;
		};
		55B8A91F22A8978D003917A7 /* Release */ = {
			isa = XCBuildConfiguration;
			buildSettings = {
				BUNDLE_LOADER = "$(TEST_HOST)";
				CODE_SIGN_STYLE = Automatic;
				DEVELOPMENT_TEAM = UK4JFARFJ9;
				INFOPLIST_FILE = EnteringAHouseTests/Info.plist;
				LD_RUNPATH_SEARCH_PATHS = (
					"$(inherited)",
					"@executable_path/Frameworks",
					"@loader_path/Frameworks",
				);
				PRODUCT_BUNDLE_IDENTIFIER = "ESG-James.EnteringAHouseTests";
				PRODUCT_NAME = "$(TARGET_NAME)";
				TARGETED_DEVICE_FAMILY = "1,2";
				TEST_HOST = "$(BUILT_PRODUCTS_DIR)/EnteringAHouse.app/EnteringAHouse";
			};
			name = Release;
		};
		55B8A92122A8978D003917A7 /* Debug */ = {
			isa = XCBuildConfiguration;
			buildSettings = {
				CODE_SIGN_STYLE = Automatic;
				DEVELOPMENT_TEAM = UK4JFARFJ9;
				INFOPLIST_FILE = EnteringAHouseUITests/Info.plist;
				LD_RUNPATH_SEARCH_PATHS = (
					"$(inherited)",
					"@executable_path/Frameworks",
					"@loader_path/Frameworks",
				);
				PRODUCT_BUNDLE_IDENTIFIER = "ESG-James.EnteringAHouseUITests";
				PRODUCT_NAME = "$(TARGET_NAME)";
				TARGETED_DEVICE_FAMILY = "1,2";
				TEST_TARGET_NAME = EnteringAHouse;
			};
			name = Debug;
		};
		55B8A92222A8978D003917A7 /* Release */ = {
			isa = XCBuildConfiguration;
			buildSettings = {
				CODE_SIGN_STYLE = Automatic;
				DEVELOPMENT_TEAM = UK4JFARFJ9;
				INFOPLIST_FILE = EnteringAHouseUITests/Info.plist;
				LD_RUNPATH_SEARCH_PATHS = (
					"$(inherited)",
					"@executable_path/Frameworks",
					"@loader_path/Frameworks",
				);
				PRODUCT_BUNDLE_IDENTIFIER = "ESG-James.EnteringAHouseUITests";
				PRODUCT_NAME = "$(TARGET_NAME)";
				TARGETED_DEVICE_FAMILY = "1,2";
				TEST_TARGET_NAME = EnteringAHouse;
			};
			name = Release;
		};
/* End XCBuildConfiguration section */

/* Begin XCConfigurationList section */
		55B8A8E922A8978C003917A7 /* Build configuration list for PBXProject "EnteringAHouse" */ = {
			isa = XCConfigurationList;
			buildConfigurations = (
				55B8A91822A8978D003917A7 /* Debug */,
				55B8A91922A8978D003917A7 /* Release */,
			);
			defaultConfigurationIsVisible = 0;
			defaultConfigurationName = Release;
		};
		55B8A91A22A8978D003917A7 /* Build configuration list for PBXNativeTarget "EnteringAHouse" */ = {
			isa = XCConfigurationList;
			buildConfigurations = (
				55B8A91B22A8978D003917A7 /* Debug */,
				55B8A91C22A8978D003917A7 /* Release */,
			);
			defaultConfigurationIsVisible = 0;
			defaultConfigurationName = Release;
		};
		55B8A91D22A8978D003917A7 /* Build configuration list for PBXNativeTarget "EnteringAHouseTests" */ = {
			isa = XCConfigurationList;
			buildConfigurations = (
				55B8A91E22A8978D003917A7 /* Debug */,
				55B8A91F22A8978D003917A7 /* Release */,
			);
			defaultConfigurationIsVisible = 0;
			defaultConfigurationName = Release;
		};
		55B8A92022A8978D003917A7 /* Build configuration list for PBXNativeTarget "EnteringAHouseUITests" */ = {
			isa = XCConfigurationList;
			buildConfigurations = (
				55B8A92122A8978D003917A7 /* Debug */,
				55B8A92222A8978D003917A7 /* Release */,
			);
			defaultConfigurationIsVisible = 0;
			defaultConfigurationName = Release;
		};
/* End XCConfigurationList section */
	};
	rootObject = 55B8A8E622A8978C003917A7 /* Project object */;
}
