// !$*UTF8*$!
{
	archiveVersion = 1;
	classes = {
	};
	objectVersion = 50;
	objects = {

/* Begin PBXBuildFile section */
		55786822229DC49A00C9F516 /* main.m in Sources */ = {isa = PBXBuildFile; fileRef = 55786821229DC49A00C9F516 /* main.m */; };
		5578682A229DC8ED00C9F516 /* Question.m in Sources */ = {isa = PBXBuildFile; fileRef = 55786829229DC8ED00C9F516 /* Question.m */; };
		5578682D229DD86000C9F516 /* InputHandler.m in Sources */ = {isa = PBXBuildFile; fileRef = 5578682C229DD86000C9F516 /* InputHandler.m */; };
		55786830229DD87300C9F516 /* ScoreKeeper.m in Sources */ = {isa = PBXBuildFile; fileRef = 5578682F229DD87300C9F516 /* ScoreKeeper.m */; };
		5578684F229F0A7400C9F516 /* QuestionManager.m in Sources */ = {isa = PBXBuildFile; fileRef = 5578684E229F0A7400C9F516 /* QuestionManager.m */; };
		5599E8F6229F30C0009522EE /* AdditionQuestion.m in Sources */ = {isa = PBXBuildFile; fileRef = 5599E8F5229F30C0009522EE /* AdditionQuestion.m */; };
		5599E8FA229F30EC009522EE /* SubtractionQuestion.m in Sources */ = {isa = PBXBuildFile; fileRef = 5599E8F9229F30EC009522EE /* SubtractionQuestion.m */; };
		5599E8FD229F3127009522EE /* MultiplicationQuestion.m in Sources */ = {isa = PBXBuildFile; fileRef = 5599E8FC229F3127009522EE /* MultiplicationQuestion.m */; };
		5599E900229F3136009522EE /* DivisionQuestion.m in Sources */ = {isa = PBXBuildFile; fileRef = 5599E8FF229F3136009522EE /* DivisionQuestion.m */; };
		5599E903229F3361009522EE /* QuestionFactory.m in Sources */ = {isa = PBXBuildFile; fileRef = 5599E902229F3361009522EE /* QuestionFactory.m */; };
/* End PBXBuildFile section */

/* Begin PBXCopyFilesBuildPhase section */
		5578681C229DC49A00C9F516 /* CopyFiles */ = {
			isa = PBXCopyFilesBuildPhase;
			buildActionMask = 2147483647;
			dstPath = /usr/share/man/man1/;
			dstSubfolderSpec = 0;
			files = (
			);
			runOnlyForDeploymentPostprocessing = 1;
		};
/* End PBXCopyFilesBuildPhase section */

/* Begin PBXFileReference section */
		5578681E229DC49A00C9F516 /* Maths */ = {isa = PBXFileReference; explicitFileType = "compiled.mach-o.executable"; includeInIndex = 0; path = Maths; sourceTree = BUILT_PRODUCTS_DIR; };
		55786821229DC49A00C9F516 /* main.m */ = {isa = PBXFileReference; lastKnownFileType = sourcecode.c.objc; path = main.m; sourceTree = "<group>"; };
		55786828229DC8ED00C9F516 /* Question.h */ = {isa = PBXFileReference; lastKnownFileType = sourcecode.c.h; path = Question.h; sourceTree = "<group>"; };
		55786829229DC8ED00C9F516 /* Question.m */ = {isa = PBXFileReference; lastKnownFileType = sourcecode.c.objc; path = Question.m; sourceTree = "<group>"; };
		5578682B229DD86000C9F516 /* InputHandler.h */ = {isa = PBXFileReference; lastKnownFileType = sourcecode.c.h; path = InputHandler.h; sourceTree = "<group>"; };
		5578682C229DD86000C9F516 /* InputHandler.m */ = {isa = PBXFileReference; lastKnownFileType = sourcecode.c.objc; path = InputHandler.m; sourceTree = "<group>"; };
		5578682E229DD87300C9F516 /* ScoreKeeper.h */ = {isa = PBXFileReference; lastKnownFileType = sourcecode.c.h; path = ScoreKeeper.h; sourceTree = "<group>"; };
		5578682F229DD87300C9F516 /* ScoreKeeper.m */ = {isa = PBXFileReference; lastKnownFileType = sourcecode.c.objc; path = ScoreKeeper.m; sourceTree = "<group>"; };
		5578684D229F0A7400C9F516 /* QuestionManager.h */ = {isa = PBXFileReference; lastKnownFileType = sourcecode.c.h; path = QuestionManager.h; sourceTree = "<group>"; };
		5578684E229F0A7400C9F516 /* QuestionManager.m */ = {isa = PBXFileReference; lastKnownFileType = sourcecode.c.objc; path = QuestionManager.m; sourceTree = "<group>"; };
		5599E8F4229F30C0009522EE /* AdditionQuestion.h */ = {isa = PBXFileReference; lastKnownFileType = sourcecode.c.h; path = AdditionQuestion.h; sourceTree = "<group>"; };
		5599E8F5229F30C0009522EE /* AdditionQuestion.m */ = {isa = PBXFileReference; lastKnownFileType = sourcecode.c.objc; path = AdditionQuestion.m; sourceTree = "<group>"; };
		5599E8F8229F30EC009522EE /* SubtractionQuestion.h */ = {isa = PBXFileReference; lastKnownFileType = sourcecode.c.h; path = SubtractionQuestion.h; sourceTree = "<group>"; };
		5599E8F9229F30EC009522EE /* SubtractionQuestion.m */ = {isa = PBXFileReference; lastKnownFileType = sourcecode.c.objc; path = SubtractionQuestion.m; sourceTree = "<group>"; };
		5599E8FB229F3127009522EE /* MultiplicationQuestion.h */ = {isa = PBXFileReference; lastKnownFileType = sourcecode.c.h; path = MultiplicationQuestion.h; sourceTree = "<group>"; };
		5599E8FC229F3127009522EE /* MultiplicationQuestion.m */ = {isa = PBXFileReference; lastKnownFileType = sourcecode.c.objc; path = MultiplicationQuestion.m; sourceTree = "<group>"; };
		5599E8FE229F3136009522EE /* DivisionQuestion.h */ = {isa = PBXFileReference; lastKnownFileType = sourcecode.c.h; path = DivisionQuestion.h; sourceTree = "<group>"; };
		5599E8FF229F3136009522EE /* DivisionQuestion.m */ = {isa = PBXFileReference; lastKnownFileType = sourcecode.c.objc; path = DivisionQuestion.m; sourceTree = "<group>"; };
		5599E901229F3361009522EE /* QuestionFactory.h */ = {isa = PBXFileReference; lastKnownFileType = sourcecode.c.h; path = QuestionFactory.h; sourceTree = "<group>"; };
		5599E902229F3361009522EE /* QuestionFactory.m */ = {isa = PBXFileReference; lastKnownFileType = sourcecode.c.objc; path = QuestionFactory.m; sourceTree = "<group>"; };
/* End PBXFileReference section */

/* Begin PBXFrameworksBuildPhase section */
		5578681B229DC49A00C9F516 /* Frameworks */ = {
			isa = PBXFrameworksBuildPhase;
			buildActionMask = 2147483647;
			files = (
			);
			runOnlyForDeploymentPostprocessing = 0;
		};
/* End PBXFrameworksBuildPhase section */

/* Begin PBXGroup section */
		55786815229DC49A00C9F516 = {
			isa = PBXGroup;
			children = (
				55786820229DC49A00C9F516 /* Maths */,
				5599E8F7229F30D6009522EE /* Math Qs */,
				5578681F229DC49A00C9F516 /* Products */,
			);
			sourceTree = "<group>";
		};
		5578681F229DC49A00C9F516 /* Products */ = {
			isa = PBXGroup;
			children = (
				5578681E229DC49A00C9F516 /* Maths */,
			);
			name = Products;
			sourceTree = "<group>";
		};
		55786820229DC49A00C9F516 /* Maths */ = {
			isa = PBXGroup;
			children = (
				55786821229DC49A00C9F516 /* main.m */,
				5578684D229F0A7400C9F516 /* QuestionManager.h */,
				5578684E229F0A7400C9F516 /* QuestionManager.m */,
				55786828229DC8ED00C9F516 /* Question.h */,
				55786829229DC8ED00C9F516 /* Question.m */,
				5578682B229DD86000C9F516 /* InputHandler.h */,
				5578682C229DD86000C9F516 /* InputHandler.m */,
				5578682E229DD87300C9F516 /* ScoreKeeper.h */,
				5578682F229DD87300C9F516 /* ScoreKeeper.m */,
				5599E901229F3361009522EE /* QuestionFactory.h */,
				5599E902229F3361009522EE /* QuestionFactory.m */,
			);
			path = Maths;
			sourceTree = "<group>";
		};
		5599E8F7229F30D6009522EE /* Math Qs */ = {
			isa = PBXGroup;
			children = (
				5599E8F4229F30C0009522EE /* AdditionQuestion.h */,
				5599E8F5229F30C0009522EE /* AdditionQuestion.m */,
				5599E8F8229F30EC009522EE /* SubtractionQuestion.h */,
				5599E8F9229F30EC009522EE /* SubtractionQuestion.m */,
				5599E8FB229F3127009522EE /* MultiplicationQuestion.h */,
				5599E8FC229F3127009522EE /* MultiplicationQuestion.m */,
				5599E8FE229F3136009522EE /* DivisionQuestion.h */,
				5599E8FF229F3136009522EE /* DivisionQuestion.m */,
			);
			path = "Math Qs";
			sourceTree = "<group>";
		};
/* End PBXGroup section */

/* Begin PBXNativeTarget section */
		5578681D229DC49A00C9F516 /* Maths */ = {
			isa = PBXNativeTarget;
			buildConfigurationList = 55786825229DC49A00C9F516 /* Build configuration list for PBXNativeTarget "Maths" */;
			buildPhases = (
				5578681A229DC49A00C9F516 /* Sources */,
				5578681B229DC49A00C9F516 /* Frameworks */,
				5578681C229DC49A00C9F516 /* CopyFiles */,
			);
			buildRules = (
			);
			dependencies = (
			);
			name = Maths;
			productName = Maths;
			productReference = 5578681E229DC49A00C9F516 /* Maths */;
			productType = "com.apple.product-type.tool";
		};
/* End PBXNativeTarget section */

/* Begin PBXProject section */
		55786816229DC49A00C9F516 /* Project object */ = {
			isa = PBXProject;
			attributes = {
				LastUpgradeCheck = 1020;
				ORGANIZATIONNAME = "James Oliver";
				TargetAttributes = {
					5578681D229DC49A00C9F516 = {
						CreatedOnToolsVersion = 10.2.1;
					};
				};
			};
			buildConfigurationList = 55786819229DC49A00C9F516 /* Build configuration list for PBXProject "Maths" */;
			compatibilityVersion = "Xcode 9.3";
			developmentRegion = en;
			hasScannedForEncodings = 0;
			knownRegions = (
				en,
			);
			mainGroup = 55786815229DC49A00C9F516;
			productRefGroup = 5578681F229DC49A00C9F516 /* Products */;
			projectDirPath = "";
			projectRoot = "";
			targets = (
				5578681D229DC49A00C9F516 /* Maths */,
			);
		};
/* End PBXProject section */

/* Begin PBXSourcesBuildPhase section */
		5578681A229DC49A00C9F516 /* Sources */ = {
			isa = PBXSourcesBuildPhase;
			buildActionMask = 2147483647;
			files = (
				5578684F229F0A7400C9F516 /* QuestionManager.m in Sources */,
				5599E8FD229F3127009522EE /* MultiplicationQuestion.m in Sources */,
				5599E8F6229F30C0009522EE /* AdditionQuestion.m in Sources */,
				5599E8FA229F30EC009522EE /* SubtractionQuestion.m in Sources */,
				55786830229DD87300C9F516 /* ScoreKeeper.m in Sources */,
				55786822229DC49A00C9F516 /* main.m in Sources */,
				5599E900229F3136009522EE /* DivisionQuestion.m in Sources */,
				5578682D229DD86000C9F516 /* InputHandler.m in Sources */,
				5599E903229F3361009522EE /* QuestionFactory.m in Sources */,
				5578682A229DC8ED00C9F516 /* Question.m in Sources */,
			);
			runOnlyForDeploymentPostprocessing = 0;
		};
/* End PBXSourcesBuildPhase section */

/* Begin XCBuildConfiguration section */
		55786823229DC49A00C9F516 /* Debug */ = {
			isa = XCBuildConfiguration;
			buildSettings = {
				ALWAYS_SEARCH_USER_PATHS = NO;
				CLANG_ANALYZER_NONNULL = YES;
				CLANG_ANALYZER_NUMBER_OBJECT_CONVERSION = YES_AGGRESSIVE;
				CLANG_CXX_LANGUAGE_STANDARD = "gnu++14";
				CLANG_CXX_LIBRARY = "libc++";
				CLANG_ENABLE_MODULES = YES;
				CLANG_ENABLE_OBJC_ARC = YES;
				CLANG_ENABLE_OBJC_WEAK = YES;
				CLANG_WARN_BLOCK_CAPTURE_AUTORELEASING = YES;
				CLANG_WARN_BOOL_CONVERSION = YES;
				CLANG_WARN_COMMA = YES;
				CLANG_WARN_CONSTANT_CONVERSION = YES;
				CLANG_WARN_DEPRECATED_OBJC_IMPLEMENTATIONS = YES;
				CLANG_WARN_DIRECT_OBJC_ISA_USAGE = YES_ERROR;
				CLANG_WARN_DOCUMENTATION_COMMENTS = YES;
				CLANG_WARN_EMPTY_BODY = YES;
				CLANG_WARN_ENUM_CONVERSION = YES;
				CLANG_WARN_INFINITE_RECURSION = YES;
				CLANG_WARN_INT_CONVERSION = YES;
				CLANG_WARN_NON_LITERAL_NULL_CONVERSION = YES;
				CLANG_WARN_OBJC_IMPLICIT_RETAIN_SELF = YES;
				CLANG_WARN_OBJC_LITERAL_CONVERSION = YES;
				CLANG_WARN_OBJC_ROOT_CLASS = YES_ERROR;
				CLANG_WARN_RANGE_LOOP_ANALYSIS = YES;
				CLANG_WARN_STRICT_PROTOTYPES = YES;
				CLANG_WARN_SUSPICIOUS_MOVE = YES;
				CLANG_WARN_UNGUARDED_AVAILABILITY = YES_AGGRESSIVE;
				CLANG_WARN_UNREACHABLE_CODE = YES;
				CLANG_WARN__DUPLICATE_METHOD_MATCH = YES;
				CODE_SIGN_IDENTITY = "Mac Developer";
				COPY_PHASE_STRIP = NO;
				DEBUG_INFORMATION_FORMAT = dwarf;
				ENABLE_STRICT_OBJC_MSGSEND = YES;
				ENABLE_TESTABILITY = YES;
				GCC_C_LANGUAGE_STANDARD = gnu11;
				GCC_DYNAMIC_NO_PIC = NO;
				GCC_NO_COMMON_BLOCKS = YES;
				GCC_OPTIMIZATION_LEVEL = 0;
				GCC_PREPROCESSOR_DEFINITIONS = (
					"DEBUG=1",
					"$(inherited)",
				);
				GCC_WARN_64_TO_32_BIT_CONVERSION = YES;
				GCC_WARN_ABOUT_RETURN_TYPE = YES_ERROR;
				GCC_WARN_UNDECLARED_SELECTOR = YES;
				GCC_WARN_UNINITIALIZED_AUTOS = YES_AGGRESSIVE;
				GCC_WARN_UNUSED_FUNCTION = YES;
				GCC_WARN_UNUSED_VARIABLE = YES;
				MACOSX_DEPLOYMENT_TARGET = 10.14;
				MTL_ENABLE_DEBUG_INFO = INCLUDE_SOURCE;
				MTL_FAST_MATH = YES;
				ONLY_ACTIVE_ARCH = YES;
				SDKROOT = macosx;
			};
			name = Debug;
		};
		55786824229DC49A00C9F516 /* Release */ = {
			isa = XCBuildConfiguration;
			buildSettings = {
				ALWAYS_SEARCH_USER_PATHS = NO;
				CLANG_ANALYZER_NONNULL = YES;
				CLANG_ANALYZER_NUMBER_OBJECT_CONVERSION = YES_AGGRESSIVE;
				CLANG_CXX_LANGUAGE_STANDARD = "gnu++14";
				CLANG_CXX_LIBRARY = "libc++";
				CLANG_ENABLE_MODULES = YES;
				CLANG_ENABLE_OBJC_ARC = YES;
				CLANG_ENABLE_OBJC_WEAK = YES;
				CLANG_WARN_BLOCK_CAPTURE_AUTORELEASING = YES;
				CLANG_WARN_BOOL_CONVERSION = YES;
				CLANG_WARN_COMMA = YES;
				CLANG_WARN_CONSTANT_CONVERSION = YES;
				CLANG_WARN_DEPRECATED_OBJC_IMPLEMENTATIONS = YES;
				CLANG_WARN_DIRECT_OBJC_ISA_USAGE = YES_ERROR;
				CLANG_WARN_DOCUMENTATION_COMMENTS = YES;
				CLANG_WARN_EMPTY_BODY = YES;
				CLANG_WARN_ENUM_CONVERSION = YES;
				CLANG_WARN_INFINITE_RECURSION = YES;
				CLANG_WARN_INT_CONVERSION = YES;
				CLANG_WARN_NON_LITERAL_NULL_CONVERSION = YES;
				CLANG_WARN_OBJC_IMPLICIT_RETAIN_SELF = YES;
				CLANG_WARN_OBJC_LITERAL_CONVERSION = YES;
				CLANG_WARN_OBJC_ROOT_CLASS = YES_ERROR;
				CLANG_WARN_RANGE_LOOP_ANALYSIS = YES;
				CLANG_WARN_STRICT_PROTOTYPES = YES;
				CLANG_WARN_SUSPICIOUS_MOVE = YES;
				CLANG_WARN_UNGUARDED_AVAILABILITY = YES_AGGRESSIVE;
				CLANG_WARN_UNREACHABLE_CODE = YES;
				CLANG_WARN__DUPLICATE_METHOD_MATCH = YES;
				CODE_SIGN_IDENTITY = "Mac Developer";
				COPY_PHASE_STRIP = NO;
				DEBUG_INFORMATION_FORMAT = "dwarf-with-dsym";
				ENABLE_NS_ASSERTIONS = NO;
				ENABLE_STRICT_OBJC_MSGSEND = YES;
				GCC_C_LANGUAGE_STANDARD = gnu11;
				GCC_NO_COMMON_BLOCKS = YES;
				GCC_WARN_64_TO_32_BIT_CONVERSION = YES;
				GCC_WARN_ABOUT_RETURN_TYPE = YES_ERROR;
				GCC_WARN_UNDECLARED_SELECTOR = YES;
				GCC_WARN_UNINITIALIZED_AUTOS = YES_AGGRESSIVE;
				GCC_WARN_UNUSED_FUNCTION = YES;
				GCC_WARN_UNUSED_VARIABLE = YES;
				MACOSX_DEPLOYMENT_TARGET = 10.14;
				MTL_ENABLE_DEBUG_INFO = NO;
				MTL_FAST_MATH = YES;
				SDKROOT = macosx;
			};
			name = Release;
		};
		55786826229DC49A00C9F516 /* Debug */ = {
			isa = XCBuildConfiguration;
			buildSettings = {
				CODE_SIGN_STYLE = Automatic;
				DEVELOPMENT_TEAM = UK4JFARFJ9;
				PRODUCT_NAME = "$(TARGET_NAME)";
			};
			name = Debug;
		};
		55786827229DC49A00C9F516 /* Release */ = {
			isa = XCBuildConfiguration;
			buildSettings = {
				CODE_SIGN_STYLE = Automatic;
				DEVELOPMENT_TEAM = UK4JFARFJ9;
				PRODUCT_NAME = "$(TARGET_NAME)";
			};
			name = Release;
		};
/* End XCBuildConfiguration section */

/* Begin XCConfigurationList section */
		55786819229DC49A00C9F516 /* Build configuration list for PBXProject "Maths" */ = {
			isa = XCConfigurationList;
			buildConfigurations = (
				55786823229DC49A00C9F516 /* Debug */,
				55786824229DC49A00C9F516 /* Release */,
			);
			defaultConfigurationIsVisible = 0;
			defaultConfigurationName = Release;
		};
		55786825229DC49A00C9F516 /* Build configuration list for PBXNativeTarget "Maths" */ = {
			isa = XCConfigurationList;
			buildConfigurations = (
				55786826229DC49A00C9F516 /* Debug */,
				55786827229DC49A00C9F516 /* Release */,
			);
			defaultConfigurationIsVisible = 0;
			defaultConfigurationName = Release;
		};
/* End XCConfigurationList section */
	};
	rootObject = 55786816229DC49A00C9F516 /* Project object */;
}
